
Microsoft Visual Studio Solution File, Format Version 12.00
# Visual Studio 14
VisualStudioVersion = 14.0.25420.1
MinimumVisualStudioVersion = 10.0.40219.1
Project("{FAE04EC0-301F-11D3-BF4B-00C04F79EFBC}") = "WebApplication", "WebApplication\WebApplication.csproj", "{6F3D2D41-9730-4FF3-839C-F03FDDB74670}"
EndProject
Project("{FAE04EC0-301F-11D3-BF4B-00C04F79EFBC}") = "DotNetifyLib", "DotNetifyLib\DotNetifyLib.csproj", "{329F210E-0721-462C-A368-14121DCEE135}"
EndProject
Project("{FAE04EC0-301F-11D3-BF4B-00C04F79EFBC}") = "ViewModels", "ViewModels\ViewModels.csproj", "{D777B14B-C36D-48A8-B5A8-2F5B0FCEB0CC}"
EndProject
Project("{FAE04EC0-301F-11D3-BF4B-00C04F79EFBC}") = "UnitTest", "UnitTest\UnitTest.csproj", "{A9D45EF3-F162-4E15-BCE5-E2F2501D9079}"
EndProject
Global
	GlobalSection(SolutionConfigurationPlatforms) = preSolution
		Debug|Android = Debug|Android
		Debug|Any CPU = Debug|Any CPU
		Debug|iOS = Debug|iOS
		Debug|Windows Phone (Universal) = Debug|Windows Phone (Universal)
		Debug|Windows Phone 8 = Debug|Windows Phone 8
		Debug|Windows-AnyCPU = Debug|Windows-AnyCPU
		Debug|Windows-ARM = Debug|Windows-ARM
		Debug|Windows-x64 = Debug|Windows-x64
		Debug|Windows-x86 = Debug|Windows-x86
		Release|Android = Release|Android
		Release|Any CPU = Release|Any CPU
		Release|iOS = Release|iOS
		Release|Windows Phone (Universal) = Release|Windows Phone (Universal)
		Release|Windows Phone 8 = Release|Windows Phone 8
		Release|Windows-AnyCPU = Release|Windows-AnyCPU
		Release|Windows-ARM = Release|Windows-ARM
		Release|Windows-x64 = Release|Windows-x64
		Release|Windows-x86 = Release|Windows-x86
	EndGlobalSection
	GlobalSection(ProjectConfigurationPlatforms) = postSolution
		{6F3D2D41-9730-4FF3-839C-F03FDDB74670}.Debug|Android.ActiveCfg = Debug|Any CPU
		{6F3D2D41-9730-4FF3-839C-F03FDDB74670}.Debug|Android.Build.0 = Debug|Any CPU
		{6F3D2D41-9730-4FF3-839C-F03FDDB74670}.Debug|Any CPU.ActiveCfg = Debug|Any CPU
		{6F3D2D41-9730-4FF3-839C-F03FDDB74670}.Debug|Any CPU.Build.0 = Debug|Any CPU
		{6F3D2D41-9730-4FF3-839C-F03FDDB74670}.Debug|iOS.ActiveCfg = Debug|Any CPU
		{6F3D2D41-9730-4FF3-839C-F03FDDB74670}.Debug|iOS.Build.0 = Debug|Any CPU
		{6F3D2D41-9730-4FF3-839C-F03FDDB74670}.Debug|Windows Phone (Universal).ActiveCfg = Debug|Any CPU
		{6F3D2D41-9730-4FF3-839C-F03FDDB74670}.Debug|Windows Phone (Universal).Build.0 = Debug|Any CPU
		{6F3D2D41-9730-4FF3-839C-F03FDDB74670}.Debug|Windows Phone 8.ActiveCfg = Debug|Any CPU
		{6F3D2D41-9730-4FF3-839C-F03FDDB74670}.Debug|Windows Phone 8.Build.0 = Debug|Any CPU
		{6F3D2D41-9730-4FF3-839C-F03FDDB74670}.Debug|Windows-AnyCPU.ActiveCfg = Debug|Any CPU
		{6F3D2D41-9730-4FF3-839C-F03FDDB74670}.Debug|Windows-AnyCPU.Build.0 = Debug|Any CPU
		{6F3D2D41-9730-4FF3-839C-F03FDDB74670}.Debug|Windows-ARM.ActiveCfg = Debug|Any CPU
		{6F3D2D41-9730-4FF3-839C-F03FDDB74670}.Debug|Windows-ARM.Build.0 = Debug|Any CPU
		{6F3D2D41-9730-4FF3-839C-F03FDDB74670}.Debug|Windows-x64.ActiveCfg = Debug|Any CPU
		{6F3D2D41-9730-4FF3-839C-F03FDDB74670}.Debug|Windows-x64.Build.0 = Debug|Any CPU
		{6F3D2D41-9730-4FF3-839C-F03FDDB74670}.Debug|Windows-x86.ActiveCfg = Debug|Any CPU
		{6F3D2D41-9730-4FF3-839C-F03FDDB74670}.Debug|Windows-x86.Build.0 = Debug|Any CPU
		{6F3D2D41-9730-4FF3-839C-F03FDDB74670}.Release|Android.ActiveCfg = Release|Any CPU
		{6F3D2D41-9730-4FF3-839C-F03FDDB74670}.Release|Android.Build.0 = Release|Any CPU
		{6F3D2D41-9730-4FF3-839C-F03FDDB74670}.Release|Any CPU.ActiveCfg = Release|Any CPU
		{6F3D2D41-9730-4FF3-839C-F03FDDB74670}.Release|Any CPU.Build.0 = Release|Any CPU
		{6F3D2D41-9730-4FF3-839C-F03FDDB74670}.Release|iOS.ActiveCfg = Release|Any CPU
		{6F3D2D41-9730-4FF3-839C-F03FDDB74670}.Release|iOS.Build.0 = Release|Any CPU
		{6F3D2D41-9730-4FF3-839C-F03FDDB74670}.Release|Windows Phone (Universal).ActiveCfg = Release|Any CPU
		{6F3D2D41-9730-4FF3-839C-F03FDDB74670}.Release|Windows Phone (Universal).Build.0 = Release|Any CPU
		{6F3D2D41-9730-4FF3-839C-F03FDDB74670}.Release|Windows Phone 8.ActiveCfg = Release|Any CPU
		{6F3D2D41-9730-4FF3-839C-F03FDDB74670}.Release|Windows Phone 8.Build.0 = Release|Any CPU
		{6F3D2D41-9730-4FF3-839C-F03FDDB74670}.Release|Windows-AnyCPU.ActiveCfg = Release|Any CPU
		{6F3D2D41-9730-4FF3-839C-F03FDDB74670}.Release|Windows-AnyCPU.Build.0 = Release|Any CPU
		{6F3D2D41-9730-4FF3-839C-F03FDDB74670}.Release|Windows-ARM.ActiveCfg = Release|Any CPU
		{6F3D2D41-9730-4FF3-839C-F03FDDB74670}.Release|Windows-ARM.Build.0 = Release|Any CPU
		{6F3D2D41-9730-4FF3-839C-F03FDDB74670}.Release|Windows-x64.ActiveCfg = Release|Any CPU
		{6F3D2D41-9730-4FF3-839C-F03FDDB74670}.Release|Windows-x64.Build.0 = Release|Any CPU
		{6F3D2D41-9730-4FF3-839C-F03FDDB74670}.Release|Windows-x86.ActiveCfg = Release|Any CPU
		{6F3D2D41-9730-4FF3-839C-F03FDDB74670}.Release|Windows-x86.Build.0 = Release|Any CPU
		{329F210E-0721-462C-A368-14121DCEE135}.Debug|Android.ActiveCfg = Debug|Any CPU
		{329F210E-0721-462C-A368-14121DCEE135}.Debug|Android.Build.0 = Debug|Any CPU
		{329F210E-0721-462C-A368-14121DCEE135}.Debug|Any CPU.ActiveCfg = Debug|Any CPU
		{329F210E-0721-462C-A368-14121DCEE135}.Debug|Any CPU.Build.0 = Debug|Any CPU
		{329F210E-0721-462C-A368-14121DCEE135}.Debug|iOS.ActiveCfg = Debug|Any CPU
		{329F210E-0721-462C-A368-14121DCEE135}.Debug|iOS.Build.0 = Debug|Any CPU
		{329F210E-0721-462C-A368-14121DCEE135}.Debug|Windows Phone (Universal).ActiveCfg = Debug|Any CPU
		{329F210E-0721-462C-A368-14121DCEE135}.Debug|Windows Phone (Universal).Build.0 = Debug|Any CPU
		{329F210E-0721-462C-A368-14121DCEE135}.Debug|Windows Phone 8.ActiveCfg = Debug|Any CPU
		{329F210E-0721-462C-A368-14121DCEE135}.Debug|Windows Phone 8.Build.0 = Debug|Any CPU
		{329F210E-0721-462C-A368-14121DCEE135}.Debug|Windows-AnyCPU.ActiveCfg = Debug|Any CPU
		{329F210E-0721-462C-A368-14121DCEE135}.Debug|Windows-AnyCPU.Build.0 = Debug|Any CPU
		{329F210E-0721-462C-A368-14121DCEE135}.Debug|Windows-ARM.ActiveCfg = Debug|Any CPU
		{329F210E-0721-462C-A368-14121DCEE135}.Debug|Windows-ARM.Build.0 = Debug|Any CPU
		{329F210E-0721-462C-A368-14121DCEE135}.Debug|Windows-x64.ActiveCfg = Debug|Any CPU
		{329F210E-0721-462C-A368-14121DCEE135}.Debug|Windows-x64.Build.0 = Debug|Any CPU
		{329F210E-0721-462C-A368-14121DCEE135}.Debug|Windows-x86.ActiveCfg = Debug|Any CPU
		{329F210E-0721-462C-A368-14121DCEE135}.Debug|Windows-x86.Build.0 = Debug|Any CPU
		{329F210E-0721-462C-A368-14121DCEE135}.Release|Android.ActiveCfg = Release|Any CPU
		{329F210E-0721-462C-A368-14121DCEE135}.Release|Android.Build.0 = Release|Any CPU
		{329F210E-0721-462C-A368-14121DCEE135}.Release|Any CPU.ActiveCfg = Release|Any CPU
		{329F210E-0721-462C-A368-14121DCEE135}.Release|Any CPU.Build.0 = Release|Any CPU
		{329F210E-0721-462C-A368-14121DCEE135}.Release|iOS.ActiveCfg = Release|Any CPU
		{329F210E-0721-462C-A368-14121DCEE135}.Release|iOS.Build.0 = Release|Any CPU
		{329F210E-0721-462C-A368-14121DCEE135}.Release|Windows Phone (Universal).ActiveCfg = Release|Any CPU
		{329F210E-0721-462C-A368-14121DCEE135}.Release|Windows Phone (Universal).Build.0 = Release|Any CPU
		{329F210E-0721-462C-A368-14121DCEE135}.Release|Windows Phone 8.ActiveCfg = Release|Any CPU
		{329F210E-0721-462C-A368-14121DCEE135}.Release|Windows Phone 8.Build.0 = Release|Any CPU
		{329F210E-0721-462C-A368-14121DCEE135}.Release|Windows-AnyCPU.ActiveCfg = Release|Any CPU
		{329F210E-0721-462C-A368-14121DCEE135}.Release|Windows-AnyCPU.Build.0 = Release|Any CPU
		{329F210E-0721-462C-A368-14121DCEE135}.Release|Windows-ARM.ActiveCfg = Release|Any CPU
		{329F210E-0721-462C-A368-14121DCEE135}.Release|Windows-ARM.Build.0 = Release|Any CPU
		{329F210E-0721-462C-A368-14121DCEE135}.Release|Windows-x64.ActiveCfg = Release|Any CPU
		{329F210E-0721-462C-A368-14121DCEE135}.Release|Windows-x64.Build.0 = Release|Any CPU
		{329F210E-0721-462C-A368-14121DCEE135}.Release|Windows-x86.ActiveCfg = Release|Any CPU
		{329F210E-0721-462C-A368-14121DCEE135}.Release|Windows-x86.Build.0 = Release|Any CPU
		{D777B14B-C36D-48A8-B5A8-2F5B0FCEB0CC}.Debug|Android.ActiveCfg = Debug|Any CPU
		{D777B14B-C36D-48A8-B5A8-2F5B0FCEB0CC}.Debug|Android.Build.0 = Debug|Any CPU
		{D777B14B-C36D-48A8-B5A8-2F5B0FCEB0CC}.Debug|Any CPU.ActiveCfg = Debug|Any CPU
		{D777B14B-C36D-48A8-B5A8-2F5B0FCEB0CC}.Debug|Any CPU.Build.0 = Debug|Any CPU
		{D777B14B-C36D-48A8-B5A8-2F5B0FCEB0CC}.Debug|iOS.ActiveCfg = Debug|Any CPU
		{D777B14B-C36D-48A8-B5A8-2F5B0FCEB0CC}.Debug|iOS.Build.0 = Debug|Any CPU
		{D777B14B-C36D-48A8-B5A8-2F5B0FCEB0CC}.Debug|Windows Phone (Universal).ActiveCfg = Debug|Any CPU
		{D777B14B-C36D-48A8-B5A8-2F5B0FCEB0CC}.Debug|Windows Phone (Universal).Build.0 = Debug|Any CPU
		{D777B14B-C36D-48A8-B5A8-2F5B0FCEB0CC}.Debug|Windows Phone 8.ActiveCfg = Debug|Any CPU
		{D777B14B-C36D-48A8-B5A8-2F5B0FCEB0CC}.Debug|Windows Phone 8.Build.0 = Debug|Any CPU
		{D777B14B-C36D-48A8-B5A8-2F5B0FCEB0CC}.Debug|Windows-AnyCPU.ActiveCfg = Debug|Any CPU
		{D777B14B-C36D-48A8-B5A8-2F5B0FCEB0CC}.Debug|Windows-AnyCPU.Build.0 = Debug|Any CPU
		{D777B14B-C36D-48A8-B5A8-2F5B0FCEB0CC}.Debug|Windows-ARM.ActiveCfg = Debug|Any CPU
		{D777B14B-C36D-48A8-B5A8-2F5B0FCEB0CC}.Debug|Windows-ARM.Build.0 = Debug|Any CPU
		{D777B14B-C36D-48A8-B5A8-2F5B0FCEB0CC}.Debug|Windows-x64.ActiveCfg = Debug|Any CPU
		{D777B14B-C36D-48A8-B5A8-2F5B0FCEB0CC}.Debug|Windows-x64.Build.0 = Debug|Any CPU
		{D777B14B-C36D-48A8-B5A8-2F5B0FCEB0CC}.Debug|Windows-x86.ActiveCfg = Debug|Any CPU
		{D777B14B-C36D-48A8-B5A8-2F5B0FCEB0CC}.Debug|Windows-x86.Build.0 = Debug|Any CPU
		{D777B14B-C36D-48A8-B5A8-2F5B0FCEB0CC}.Release|Android.ActiveCfg = Release|Any CPU
		{D777B14B-C36D-48A8-B5A8-2F5B0FCEB0CC}.Release|Android.Build.0 = Release|Any CPU
		{D777B14B-C36D-48A8-B5A8-2F5B0FCEB0CC}.Release|Any CPU.ActiveCfg = Release|Any CPU
		{D777B14B-C36D-48A8-B5A8-2F5B0FCEB0CC}.Release|Any CPU.Build.0 = Release|Any CPU
		{D777B14B-C36D-48A8-B5A8-2F5B0FCEB0CC}.Release|iOS.ActiveCfg = Release|Any CPU
		{D777B14B-C36D-48A8-B5A8-2F5B0FCEB0CC}.Release|iOS.Build.0 = Release|Any CPU
		{D777B14B-C36D-48A8-B5A8-2F5B0FCEB0CC}.Release|Windows Phone (Universal).ActiveCfg = Release|Any CPU
		{D777B14B-C36D-48A8-B5A8-2F5B0FCEB0CC}.Release|Windows Phone (Universal).Build.0 = Release|Any CPU
		{D777B14B-C36D-48A8-B5A8-2F5B0FCEB0CC}.Release|Windows Phone 8.ActiveCfg = Release|Any CPU
		{D777B14B-C36D-48A8-B5A8-2F5B0FCEB0CC}.Release|Windows Phone 8.Build.0 = Release|Any CPU
		{D777B14B-C36D-48A8-B5A8-2F5B0FCEB0CC}.Release|Windows-AnyCPU.ActiveCfg = Release|Any CPU
		{D777B14B-C36D-48A8-B5A8-2F5B0FCEB0CC}.Release|Windows-AnyCPU.Build.0 = Release|Any CPU
		{D777B14B-C36D-48A8-B5A8-2F5B0FCEB0CC}.Release|Windows-ARM.ActiveCfg = Release|Any CPU
		{D777B14B-C36D-48A8-B5A8-2F5B0FCEB0CC}.Release|Windows-ARM.Build.0 = Release|Any CPU
		{D777B14B-C36D-48A8-B5A8-2F5B0FCEB0CC}.Release|Windows-x64.ActiveCfg = Release|Any CPU
		{D777B14B-C36D-48A8-B5A8-2F5B0FCEB0CC}.Release|Windows-x64.Build.0 = Release|Any CPU
		{D777B14B-C36D-48A8-B5A8-2F5B0FCEB0CC}.Release|Windows-x86.ActiveCfg = Release|Any CPU
		{D777B14B-C36D-48A8-B5A8-2F5B0FCEB0CC}.Release|Windows-x86.Build.0 = Release|Any CPU
		{A9D45EF3-F162-4E15-BCE5-E2F2501D9079}.Debug|Android.ActiveCfg = Debug|Any CPU
		{A9D45EF3-F162-4E15-BCE5-E2F2501D9079}.Debug|Android.Build.0 = Debug|Any CPU
		{A9D45EF3-F162-4E15-BCE5-E2F2501D9079}.Debug|Any CPU.ActiveCfg = Debug|Any CPU
		{A9D45EF3-F162-4E15-BCE5-E2F2501D9079}.Debug|Any CPU.Build.0 = Debug|Any CPU
		{A9D45EF3-F162-4E15-BCE5-E2F2501D9079}.Debug|iOS.ActiveCfg = Debug|Any CPU
		{A9D45EF3-F162-4E15-BCE5-E2F2501D9079}.Debug|iOS.Build.0 = Debug|Any CPU
		{A9D45EF3-F162-4E15-BCE5-E2F2501D9079}.Debug|Windows Phone (Universal).ActiveCfg = Debug|Any CPU
		{A9D45EF3-F162-4E15-BCE5-E2F2501D9079}.Debug|Windows Phone (Universal).Build.0 = Debug|Any CPU
		{A9D45EF3-F162-4E15-BCE5-E2F2501D9079}.Debug|Windows Phone 8.ActiveCfg = Debug|Any CPU
		{A9D45EF3-F162-4E15-BCE5-E2F2501D9079}.Debug|Windows Phone 8.Build.0 = Debug|Any CPU
		{A9D45EF3-F162-4E15-BCE5-E2F2501D9079}.Debug|Windows-AnyCPU.ActiveCfg = Debug|Any CPU
		{A9D45EF3-F162-4E15-BCE5-E2F2501D9079}.Debug|Windows-AnyCPU.Build.0 = Debug|Any CPU
		{A9D45EF3-F162-4E15-BCE5-E2F2501D9079}.Debug|Windows-ARM.ActiveCfg = Debug|Any CPU
		{A9D45EF3-F162-4E15-BCE5-E2F2501D9079}.Debug|Windows-ARM.Build.0 = Debug|Any CPU
		{A9D45EF3-F162-4E15-BCE5-E2F2501D9079}.Debug|Windows-x64.ActiveCfg = Debug|Any CPU
		{A9D45EF3-F162-4E15-BCE5-E2F2501D9079}.Debug|Windows-x64.Build.0 = Debug|Any CPU
		{A9D45EF3-F162-4E15-BCE5-E2F2501D9079}.Debug|Windows-x86.ActiveCfg = Debug|Any CPU
		{A9D45EF3-F162-4E15-BCE5-E2F2501D9079}.Debug|Windows-x86.Build.0 = Debug|Any CPU
		{A9D45EF3-F162-4E15-BCE5-E2F2501D9079}.Release|Android.ActiveCfg = Release|Any CPU
		{A9D45EF3-F162-4E15-BCE5-E2F2501D9079}.Release|Android.Build.0 = Release|Any CPU
		{A9D45EF3-F162-4E15-BCE5-E2F2501D9079}.Release|Any CPU.ActiveCfg = Release|Any CPU
		{A9D45EF3-F162-4E15-BCE5-E2F2501D9079}.Release|Any CPU.Build.0 = Release|Any CPU
		{A9D45EF3-F162-4E15-BCE5-E2F2501D9079}.Release|iOS.ActiveCfg = Release|Any CPU
		{A9D45EF3-F162-4E15-BCE5-E2F2501D9079}.Release|iOS.Build.0 = Release|Any CPU
		{A9D45EF3-F162-4E15-BCE5-E2F2501D9079}.Release|Windows Phone (Universal).ActiveCfg = Release|Any CPU
		{A9D45EF3-F162-4E15-BCE5-E2F2501D9079}.Release|Windows Phone (Universal).Build.0 = Release|Any CPU
		{A9D45EF3-F162-4E15-BCE5-E2F2501D9079}.Release|Windows Phone 8.ActiveCfg = Release|Any CPU
		{A9D45EF3-F162-4E15-BCE5-E2F2501D9079}.Release|Windows Phone 8.Build.0 = Release|Any CPU
		{A9D45EF3-F162-4E15-BCE5-E2F2501D9079}.Release|Windows-AnyCPU.ActiveCfg = Release|Any CPU
		{A9D45EF3-F162-4E15-BCE5-E2F2501D9079}.Release|Windows-AnyCPU.Build.0 = Release|Any CPU
		{A9D45EF3-F162-4E15-BCE5-E2F2501D9079}.Release|Windows-ARM.ActiveCfg = Release|Any CPU
		{A9D45EF3-F162-4E15-BCE5-E2F2501D9079}.Release|Windows-ARM.Build.0 = Release|Any CPU
		{A9D45EF3-F162-4E15-BCE5-E2F2501D9079}.Release|Windows-x64.ActiveCfg = Release|Any CPU
		{A9D45EF3-F162-4E15-BCE5-E2F2501D9079}.Release|Windows-x64.Build.0 = Release|Any CPU
		{A9D45EF3-F162-4E15-BCE5-E2F2501D9079}.Release|Windows-x86.ActiveCfg = Release|Any CPU
		{A9D45EF3-F162-4E15-BCE5-E2F2501D9079}.Release|Windows-x86.Build.0 = Release|Any CPU
	EndGlobalSection
	GlobalSection(SolutionProperties) = preSolution
		HideSolutionNode = FALSE
	EndGlobalSection
EndGlobal
