
Microsoft Visual Studio Solution File, Format Version 12.00
# Visual Studio Version 17
VisualStudioVersion = 17.0.31903.59
MinimumVisualStudioVersion = 10.0.40219.1
Project("{9A19103F-16F7-4668-BE54-9A1E7A4F7556}") = "DotNetifyLib.Core", "DotNetifyLib.Core\DotNetifyLib.Core.csproj", "{BAD3F752-EC12-452C-A569-01F3F150290D}"
EndProject
Project("{9A19103F-16F7-4668-BE54-9A1E7A4F7556}") = "DotNetifyLib.SignalR", "DotNetifyLib.SignalR\DotNetifyLib.SignalR.csproj", "{97C031E6-BD91-45A7-B8C0-037A3CB9FD3E}"
EndProject
Project("{9A19103F-16F7-4668-BE54-9A1E7A4F7556}") = "DevApp", "DevApp\DevApp.csproj", "{ADA262A3-7A49-45F2-888C-979D0BB9062F}"
EndProject
Project("{9A19103F-16F7-4668-BE54-9A1E7A4F7556}") = "DevApp.ViewModels", "DevApp.ViewModels\DevApp.ViewModels.csproj", "{A8F1685E-E353-47A5-AA5C-BDF33661FC94}"
EndProject
Project("{9A19103F-16F7-4668-BE54-9A1E7A4F7556}") = "UnitTests", "UnitTests\UnitTests.csproj", "{8834522B-03B1-4C34-98CA-15B8022F1E08}"
EndProject
Project("{2150E333-8FDC-42A3-9474-1A3956D46DE8}") = "_License_Readme", "_License_Readme", "{11E35105-5C1D-4C10-8852-296DBEBD590D}"
	ProjectSection(SolutionItems) = preProject
		LICENSE.md = LICENSE.md
		README.md = README.md
	EndProjectSection
EndProject
Project("{2150E333-8FDC-42A3-9474-1A3956D46DE8}") = "DotNetify.Premium", "DotNetify.Premium", "{4D998673-6AAB-41E6-B8F8-8F8B8960683B}"
EndProject
Project("{9A19103F-16F7-4668-BE54-9A1E7A4F7556}") = "DotNetifyLib.LoadTester", "DotNetify.Premium\LoadTester\DotNetifyLib.LoadTester\DotNetifyLib.LoadTester.csproj", "{A3E5585F-F0E0-472D-81D6-6F617953D65C}"
EndProject
Project("{9A19103F-16F7-4668-BE54-9A1E7A4F7556}") = "DotNetify.ResiliencyAddon", "DotNetify.Premium\ResiliencyAddon\DotNetify.ResiliencyAddon\DotNetify.ResiliencyAddon.csproj", "{6B15D58D-9D40-4144-9B16-41DDFE9C6BCD}"
EndProject
Project("{9A19103F-16F7-4668-BE54-9A1E7A4F7556}") = "DotNetifyLib.Testing", "DotNetify.Premium\Testing\DotNetifyLib.Testing\DotNetifyLib.Testing.csproj", "{91B68506-BAE2-45C4-B980-8781DC9089D2}"
EndProject
Global
	GlobalSection(SolutionConfigurationPlatforms) = preSolution
		Debug|Android = Debug|Android
		Debug|Any CPU = Debug|Any CPU
		Debug|iOS = Debug|iOS
		Debug|Windows Phone (Universal) = Debug|Windows Phone (Universal)
		Debug|Windows Phone 8 = Debug|Windows Phone 8
		Debug|Windows-AnyCPU = Debug|Windows-AnyCPU
		Debug|Windows-ARM = Debug|Windows-ARM
		Debug|Windows-x64 = Debug|Windows-x64
		Debug|Windows-x86 = Debug|Windows-x86
		Release|Android = Release|Android
		Release|Any CPU = Release|Any CPU
		Release|iOS = Release|iOS
		Release|Windows Phone (Universal) = Release|Windows Phone (Universal)
		Release|Windows Phone 8 = Release|Windows Phone 8
		Release|Windows-AnyCPU = Release|Windows-AnyCPU
		Release|Windows-ARM = Release|Windows-ARM
		Release|Windows-x64 = Release|Windows-x64
		Release|Windows-x86 = Release|Windows-x86
	EndGlobalSection
	GlobalSection(ProjectConfigurationPlatforms) = postSolution
		{BAD3F752-EC12-452C-A569-01F3F150290D}.Debug|Android.ActiveCfg = Debug|Any CPU
		{BAD3F752-EC12-452C-A569-01F3F150290D}.Debug|Android.Build.0 = Debug|Any CPU
		{BAD3F752-EC12-452C-A569-01F3F150290D}.Debug|Any CPU.ActiveCfg = Debug|Any CPU
		{BAD3F752-EC12-452C-A569-01F3F150290D}.Debug|Any CPU.Build.0 = Debug|Any CPU
		{BAD3F752-EC12-452C-A569-01F3F150290D}.Debug|iOS.ActiveCfg = Debug|Any CPU
		{BAD3F752-EC12-452C-A569-01F3F150290D}.Debug|iOS.Build.0 = Debug|Any CPU
		{BAD3F752-EC12-452C-A569-01F3F150290D}.Debug|Windows Phone (Universal).ActiveCfg = Debug|Any CPU
		{BAD3F752-EC12-452C-A569-01F3F150290D}.Debug|Windows Phone (Universal).Build.0 = Debug|Any CPU
		{BAD3F752-EC12-452C-A569-01F3F150290D}.Debug|Windows Phone 8.ActiveCfg = Debug|Any CPU
		{BAD3F752-EC12-452C-A569-01F3F150290D}.Debug|Windows Phone 8.Build.0 = Debug|Any CPU
		{BAD3F752-EC12-452C-A569-01F3F150290D}.Debug|Windows-AnyCPU.ActiveCfg = Debug|Any CPU
		{BAD3F752-EC12-452C-A569-01F3F150290D}.Debug|Windows-AnyCPU.Build.0 = Debug|Any CPU
		{BAD3F752-EC12-452C-A569-01F3F150290D}.Debug|Windows-ARM.ActiveCfg = Debug|Any CPU
		{BAD3F752-EC12-452C-A569-01F3F150290D}.Debug|Windows-ARM.Build.0 = Debug|Any CPU
		{BAD3F752-EC12-452C-A569-01F3F150290D}.Debug|Windows-x64.ActiveCfg = Debug|Any CPU
		{BAD3F752-EC12-452C-A569-01F3F150290D}.Debug|Windows-x64.Build.0 = Debug|Any CPU
		{BAD3F752-EC12-452C-A569-01F3F150290D}.Debug|Windows-x86.ActiveCfg = Debug|Any CPU
		{BAD3F752-EC12-452C-A569-01F3F150290D}.Debug|Windows-x86.Build.0 = Debug|Any CPU
		{BAD3F752-EC12-452C-A569-01F3F150290D}.Release|Android.ActiveCfg = Release|Any CPU
		{BAD3F752-EC12-452C-A569-01F3F150290D}.Release|Android.Build.0 = Release|Any CPU
		{BAD3F752-EC12-452C-A569-01F3F150290D}.Release|Any CPU.ActiveCfg = Release|Any CPU
		{BAD3F752-EC12-452C-A569-01F3F150290D}.Release|Any CPU.Build.0 = Release|Any CPU
		{BAD3F752-EC12-452C-A569-01F3F150290D}.Release|iOS.ActiveCfg = Release|Any CPU
		{BAD3F752-EC12-452C-A569-01F3F150290D}.Release|iOS.Build.0 = Release|Any CPU
		{BAD3F752-EC12-452C-A569-01F3F150290D}.Release|Windows Phone (Universal).ActiveCfg = Release|Any CPU
		{BAD3F752-EC12-452C-A569-01F3F150290D}.Release|Windows Phone (Universal).Build.0 = Release|Any CPU
		{BAD3F752-EC12-452C-A569-01F3F150290D}.Release|Windows Phone 8.ActiveCfg = Release|Any CPU
		{BAD3F752-EC12-452C-A569-01F3F150290D}.Release|Windows Phone 8.Build.0 = Release|Any CPU
		{BAD3F752-EC12-452C-A569-01F3F150290D}.Release|Windows-AnyCPU.ActiveCfg = Release|Any CPU
		{BAD3F752-EC12-452C-A569-01F3F150290D}.Release|Windows-AnyCPU.Build.0 = Release|Any CPU
		{BAD3F752-EC12-452C-A569-01F3F150290D}.Release|Windows-ARM.ActiveCfg = Release|Any CPU
		{BAD3F752-EC12-452C-A569-01F3F150290D}.Release|Windows-ARM.Build.0 = Release|Any CPU
		{BAD3F752-EC12-452C-A569-01F3F150290D}.Release|Windows-x64.ActiveCfg = Release|Any CPU
		{BAD3F752-EC12-452C-A569-01F3F150290D}.Release|Windows-x64.Build.0 = Release|Any CPU
		{BAD3F752-EC12-452C-A569-01F3F150290D}.Release|Windows-x86.ActiveCfg = Release|Any CPU
		{BAD3F752-EC12-452C-A569-01F3F150290D}.Release|Windows-x86.Build.0 = Release|Any CPU
		{97C031E6-BD91-45A7-B8C0-037A3CB9FD3E}.Debug|Android.ActiveCfg = Debug|Any CPU
		{97C031E6-BD91-45A7-B8C0-037A3CB9FD3E}.Debug|Android.Build.0 = Debug|Any CPU
		{97C031E6-BD91-45A7-B8C0-037A3CB9FD3E}.Debug|Any CPU.ActiveCfg = Debug|Any CPU
		{97C031E6-BD91-45A7-B8C0-037A3CB9FD3E}.Debug|Any CPU.Build.0 = Debug|Any CPU
		{97C031E6-BD91-45A7-B8C0-037A3CB9FD3E}.Debug|iOS.ActiveCfg = Debug|Any CPU
		{97C031E6-BD91-45A7-B8C0-037A3CB9FD3E}.Debug|iOS.Build.0 = Debug|Any CPU
		{97C031E6-BD91-45A7-B8C0-037A3CB9FD3E}.Debug|Windows Phone (Universal).ActiveCfg = Debug|Any CPU
		{97C031E6-BD91-45A7-B8C0-037A3CB9FD3E}.Debug|Windows Phone (Universal).Build.0 = Debug|Any CPU
		{97C031E6-BD91-45A7-B8C0-037A3CB9FD3E}.Debug|Windows Phone 8.ActiveCfg = Debug|Any CPU
		{97C031E6-BD91-45A7-B8C0-037A3CB9FD3E}.Debug|Windows Phone 8.Build.0 = Debug|Any CPU
		{97C031E6-BD91-45A7-B8C0-037A3CB9FD3E}.Debug|Windows-AnyCPU.ActiveCfg = Debug|Any CPU
		{97C031E6-BD91-45A7-B8C0-037A3CB9FD3E}.Debug|Windows-AnyCPU.Build.0 = Debug|Any CPU
		{97C031E6-BD91-45A7-B8C0-037A3CB9FD3E}.Debug|Windows-ARM.ActiveCfg = Debug|Any CPU
		{97C031E6-BD91-45A7-B8C0-037A3CB9FD3E}.Debug|Windows-ARM.Build.0 = Debug|Any CPU
		{97C031E6-BD91-45A7-B8C0-037A3CB9FD3E}.Debug|Windows-x64.ActiveCfg = Debug|Any CPU
		{97C031E6-BD91-45A7-B8C0-037A3CB9FD3E}.Debug|Windows-x64.Build.0 = Debug|Any CPU
		{97C031E6-BD91-45A7-B8C0-037A3CB9FD3E}.Debug|Windows-x86.ActiveCfg = Debug|Any CPU
		{97C031E6-BD91-45A7-B8C0-037A3CB9FD3E}.Debug|Windows-x86.Build.0 = Debug|Any CPU
		{97C031E6-BD91-45A7-B8C0-037A3CB9FD3E}.Release|Android.ActiveCfg = Release|Any CPU
		{97C031E6-BD91-45A7-B8C0-037A3CB9FD3E}.Release|Android.Build.0 = Release|Any CPU
		{97C031E6-BD91-45A7-B8C0-037A3CB9FD3E}.Release|Any CPU.ActiveCfg = Release|Any CPU
		{97C031E6-BD91-45A7-B8C0-037A3CB9FD3E}.Release|Any CPU.Build.0 = Release|Any CPU
		{97C031E6-BD91-45A7-B8C0-037A3CB9FD3E}.Release|iOS.ActiveCfg = Release|Any CPU
		{97C031E6-BD91-45A7-B8C0-037A3CB9FD3E}.Release|iOS.Build.0 = Release|Any CPU
		{97C031E6-BD91-45A7-B8C0-037A3CB9FD3E}.Release|Windows Phone (Universal).ActiveCfg = Release|Any CPU
		{97C031E6-BD91-45A7-B8C0-037A3CB9FD3E}.Release|Windows Phone (Universal).Build.0 = Release|Any CPU
		{97C031E6-BD91-45A7-B8C0-037A3CB9FD3E}.Release|Windows Phone 8.ActiveCfg = Release|Any CPU
		{97C031E6-BD91-45A7-B8C0-037A3CB9FD3E}.Release|Windows Phone 8.Build.0 = Release|Any CPU
		{97C031E6-BD91-45A7-B8C0-037A3CB9FD3E}.Release|Windows-AnyCPU.ActiveCfg = Release|Any CPU
		{97C031E6-BD91-45A7-B8C0-037A3CB9FD3E}.Release|Windows-AnyCPU.Build.0 = Release|Any CPU
		{97C031E6-BD91-45A7-B8C0-037A3CB9FD3E}.Release|Windows-ARM.ActiveCfg = Release|Any CPU
		{97C031E6-BD91-45A7-B8C0-037A3CB9FD3E}.Release|Windows-ARM.Build.0 = Release|Any CPU
		{97C031E6-BD91-45A7-B8C0-037A3CB9FD3E}.Release|Windows-x64.ActiveCfg = Release|Any CPU
		{97C031E6-BD91-45A7-B8C0-037A3CB9FD3E}.Release|Windows-x64.Build.0 = Release|Any CPU
		{97C031E6-BD91-45A7-B8C0-037A3CB9FD3E}.Release|Windows-x86.ActiveCfg = Release|Any CPU
		{97C031E6-BD91-45A7-B8C0-037A3CB9FD3E}.Release|Windows-x86.Build.0 = Release|Any CPU
		{ADA262A3-7A49-45F2-888C-979D0BB9062F}.Debug|Android.ActiveCfg = Debug|Any CPU
		{ADA262A3-7A49-45F2-888C-979D0BB9062F}.Debug|Android.Build.0 = Debug|Any CPU
		{ADA262A3-7A49-45F2-888C-979D0BB9062F}.Debug|Any CPU.ActiveCfg = Debug|Any CPU
		{ADA262A3-7A49-45F2-888C-979D0BB9062F}.Debug|Any CPU.Build.0 = Debug|Any CPU
		{ADA262A3-7A49-45F2-888C-979D0BB9062F}.Debug|iOS.ActiveCfg = Debug|Any CPU
		{ADA262A3-7A49-45F2-888C-979D0BB9062F}.Debug|iOS.Build.0 = Debug|Any CPU
		{ADA262A3-7A49-45F2-888C-979D0BB9062F}.Debug|Windows Phone (Universal).ActiveCfg = Debug|Any CPU
		{ADA262A3-7A49-45F2-888C-979D0BB9062F}.Debug|Windows Phone (Universal).Build.0 = Debug|Any CPU
		{ADA262A3-7A49-45F2-888C-979D0BB9062F}.Debug|Windows Phone 8.ActiveCfg = Debug|Any CPU
		{ADA262A3-7A49-45F2-888C-979D0BB9062F}.Debug|Windows Phone 8.Build.0 = Debug|Any CPU
		{ADA262A3-7A49-45F2-888C-979D0BB9062F}.Debug|Windows-AnyCPU.ActiveCfg = Debug|Any CPU
		{ADA262A3-7A49-45F2-888C-979D0BB9062F}.Debug|Windows-AnyCPU.Build.0 = Debug|Any CPU
		{ADA262A3-7A49-45F2-888C-979D0BB9062F}.Debug|Windows-ARM.ActiveCfg = Debug|Any CPU
		{ADA262A3-7A49-45F2-888C-979D0BB9062F}.Debug|Windows-ARM.Build.0 = Debug|Any CPU
		{ADA262A3-7A49-45F2-888C-979D0BB9062F}.Debug|Windows-x64.ActiveCfg = Debug|Any CPU
		{ADA262A3-7A49-45F2-888C-979D0BB9062F}.Debug|Windows-x64.Build.0 = Debug|Any CPU
		{ADA262A3-7A49-45F2-888C-979D0BB9062F}.Debug|Windows-x86.ActiveCfg = Debug|Any CPU
		{ADA262A3-7A49-45F2-888C-979D0BB9062F}.Debug|Windows-x86.Build.0 = Debug|Any CPU
		{ADA262A3-7A49-45F2-888C-979D0BB9062F}.Release|Android.ActiveCfg = Release|Any CPU
		{ADA262A3-7A49-45F2-888C-979D0BB9062F}.Release|Android.Build.0 = Release|Any CPU
		{ADA262A3-7A49-45F2-888C-979D0BB9062F}.Release|Any CPU.ActiveCfg = Release|Any CPU
		{ADA262A3-7A49-45F2-888C-979D0BB9062F}.Release|Any CPU.Build.0 = Release|Any CPU
		{ADA262A3-7A49-45F2-888C-979D0BB9062F}.Release|iOS.ActiveCfg = Release|Any CPU
		{ADA262A3-7A49-45F2-888C-979D0BB9062F}.Release|iOS.Build.0 = Release|Any CPU
		{ADA262A3-7A49-45F2-888C-979D0BB9062F}.Release|Windows Phone (Universal).ActiveCfg = Release|Any CPU
		{ADA262A3-7A49-45F2-888C-979D0BB9062F}.Release|Windows Phone (Universal).Build.0 = Release|Any CPU
		{ADA262A3-7A49-45F2-888C-979D0BB9062F}.Release|Windows Phone 8.ActiveCfg = Release|Any CPU
		{ADA262A3-7A49-45F2-888C-979D0BB9062F}.Release|Windows Phone 8.Build.0 = Release|Any CPU
		{ADA262A3-7A49-45F2-888C-979D0BB9062F}.Release|Windows-AnyCPU.ActiveCfg = Release|Any CPU
		{ADA262A3-7A49-45F2-888C-979D0BB9062F}.Release|Windows-AnyCPU.Build.0 = Release|Any CPU
		{ADA262A3-7A49-45F2-888C-979D0BB9062F}.Release|Windows-ARM.ActiveCfg = Release|Any CPU
		{ADA262A3-7A49-45F2-888C-979D0BB9062F}.Release|Windows-ARM.Build.0 = Release|Any CPU
		{ADA262A3-7A49-45F2-888C-979D0BB9062F}.Release|Windows-x64.ActiveCfg = Release|Any CPU
		{ADA262A3-7A49-45F2-888C-979D0BB9062F}.Release|Windows-x64.Build.0 = Release|Any CPU
		{ADA262A3-7A49-45F2-888C-979D0BB9062F}.Release|Windows-x86.ActiveCfg = Release|Any CPU
		{ADA262A3-7A49-45F2-888C-979D0BB9062F}.Release|Windows-x86.Build.0 = Release|Any CPU
		{A8F1685E-E353-47A5-AA5C-BDF33661FC94}.Debug|Android.ActiveCfg = Debug|Any CPU
		{A8F1685E-E353-47A5-AA5C-BDF33661FC94}.Debug|Android.Build.0 = Debug|Any CPU
		{A8F1685E-E353-47A5-AA5C-BDF33661FC94}.Debug|Any CPU.ActiveCfg = Debug|Any CPU
		{A8F1685E-E353-47A5-AA5C-BDF33661FC94}.Debug|Any CPU.Build.0 = Debug|Any CPU
		{A8F1685E-E353-47A5-AA5C-BDF33661FC94}.Debug|iOS.ActiveCfg = Debug|Any CPU
		{A8F1685E-E353-47A5-AA5C-BDF33661FC94}.Debug|iOS.Build.0 = Debug|Any CPU
		{A8F1685E-E353-47A5-AA5C-BDF33661FC94}.Debug|Windows Phone (Universal).ActiveCfg = Debug|Any CPU
		{A8F1685E-E353-47A5-AA5C-BDF33661FC94}.Debug|Windows Phone (Universal).Build.0 = Debug|Any CPU
		{A8F1685E-E353-47A5-AA5C-BDF33661FC94}.Debug|Windows Phone 8.ActiveCfg = Debug|Any CPU
		{A8F1685E-E353-47A5-AA5C-BDF33661FC94}.Debug|Windows Phone 8.Build.0 = Debug|Any CPU
		{A8F1685E-E353-47A5-AA5C-BDF33661FC94}.Debug|Windows-AnyCPU.ActiveCfg = Debug|Any CPU
		{A8F1685E-E353-47A5-AA5C-BDF33661FC94}.Debug|Windows-AnyCPU.Build.0 = Debug|Any CPU
		{A8F1685E-E353-47A5-AA5C-BDF33661FC94}.Debug|Windows-ARM.ActiveCfg = Debug|Any CPU
		{A8F1685E-E353-47A5-AA5C-BDF33661FC94}.Debug|Windows-ARM.Build.0 = Debug|Any CPU
		{A8F1685E-E353-47A5-AA5C-BDF33661FC94}.Debug|Windows-x64.ActiveCfg = Debug|Any CPU
		{A8F1685E-E353-47A5-AA5C-BDF33661FC94}.Debug|Windows-x64.Build.0 = Debug|Any CPU
		{A8F1685E-E353-47A5-AA5C-BDF33661FC94}.Debug|Windows-x86.ActiveCfg = Debug|Any CPU
		{A8F1685E-E353-47A5-AA5C-BDF33661FC94}.Debug|Windows-x86.Build.0 = Debug|Any CPU
		{A8F1685E-E353-47A5-AA5C-BDF33661FC94}.Release|Android.ActiveCfg = Release|Any CPU
		{A8F1685E-E353-47A5-AA5C-BDF33661FC94}.Release|Android.Build.0 = Release|Any CPU
		{A8F1685E-E353-47A5-AA5C-BDF33661FC94}.Release|Any CPU.ActiveCfg = Release|Any CPU
		{A8F1685E-E353-47A5-AA5C-BDF33661FC94}.Release|Any CPU.Build.0 = Release|Any CPU
		{A8F1685E-E353-47A5-AA5C-BDF33661FC94}.Release|iOS.ActiveCfg = Release|Any CPU
		{A8F1685E-E353-47A5-AA5C-BDF33661FC94}.Release|iOS.Build.0 = Release|Any CPU
		{A8F1685E-E353-47A5-AA5C-BDF33661FC94}.Release|Windows Phone (Universal).ActiveCfg = Release|Any CPU
		{A8F1685E-E353-47A5-AA5C-BDF33661FC94}.Release|Windows Phone (Universal).Build.0 = Release|Any CPU
		{A8F1685E-E353-47A5-AA5C-BDF33661FC94}.Release|Windows Phone 8.ActiveCfg = Release|Any CPU
		{A8F1685E-E353-47A5-AA5C-BDF33661FC94}.Release|Windows Phone 8.Build.0 = Release|Any CPU
		{A8F1685E-E353-47A5-AA5C-BDF33661FC94}.Release|Windows-AnyCPU.ActiveCfg = Release|Any CPU
		{A8F1685E-E353-47A5-AA5C-BDF33661FC94}.Release|Windows-AnyCPU.Build.0 = Release|Any CPU
		{A8F1685E-E353-47A5-AA5C-BDF33661FC94}.Release|Windows-ARM.ActiveCfg = Release|Any CPU
		{A8F1685E-E353-47A5-AA5C-BDF33661FC94}.Release|Windows-ARM.Build.0 = Release|Any CPU
		{A8F1685E-E353-47A5-AA5C-BDF33661FC94}.Release|Windows-x64.ActiveCfg = Release|Any CPU
		{A8F1685E-E353-47A5-AA5C-BDF33661FC94}.Release|Windows-x64.Build.0 = Release|Any CPU
		{A8F1685E-E353-47A5-AA5C-BDF33661FC94}.Release|Windows-x86.ActiveCfg = Release|Any CPU
		{A8F1685E-E353-47A5-AA5C-BDF33661FC94}.Release|Windows-x86.Build.0 = Release|Any CPU
		{8834522B-03B1-4C34-98CA-15B8022F1E08}.Debug|Android.ActiveCfg = Debug|Any CPU
		{8834522B-03B1-4C34-98CA-15B8022F1E08}.Debug|Android.Build.0 = Debug|Any CPU
		{8834522B-03B1-4C34-98CA-15B8022F1E08}.Debug|Any CPU.ActiveCfg = Debug|Any CPU
		{8834522B-03B1-4C34-98CA-15B8022F1E08}.Debug|Any CPU.Build.0 = Debug|Any CPU
		{8834522B-03B1-4C34-98CA-15B8022F1E08}.Debug|iOS.ActiveCfg = Debug|Any CPU
		{8834522B-03B1-4C34-98CA-15B8022F1E08}.Debug|iOS.Build.0 = Debug|Any CPU
		{8834522B-03B1-4C34-98CA-15B8022F1E08}.Debug|Windows Phone (Universal).ActiveCfg = Debug|Any CPU
		{8834522B-03B1-4C34-98CA-15B8022F1E08}.Debug|Windows Phone (Universal).Build.0 = Debug|Any CPU
		{8834522B-03B1-4C34-98CA-15B8022F1E08}.Debug|Windows Phone 8.ActiveCfg = Debug|Any CPU
		{8834522B-03B1-4C34-98CA-15B8022F1E08}.Debug|Windows Phone 8.Build.0 = Debug|Any CPU
		{8834522B-03B1-4C34-98CA-15B8022F1E08}.Debug|Windows-AnyCPU.ActiveCfg = Debug|Any CPU
		{8834522B-03B1-4C34-98CA-15B8022F1E08}.Debug|Windows-AnyCPU.Build.0 = Debug|Any CPU
		{8834522B-03B1-4C34-98CA-15B8022F1E08}.Debug|Windows-ARM.ActiveCfg = Debug|Any CPU
		{8834522B-03B1-4C34-98CA-15B8022F1E08}.Debug|Windows-ARM.Build.0 = Debug|Any CPU
		{8834522B-03B1-4C34-98CA-15B8022F1E08}.Debug|Windows-x64.ActiveCfg = Debug|Any CPU
		{8834522B-03B1-4C34-98CA-15B8022F1E08}.Debug|Windows-x64.Build.0 = Debug|Any CPU
		{8834522B-03B1-4C34-98CA-15B8022F1E08}.Debug|Windows-x86.ActiveCfg = Debug|Any CPU
		{8834522B-03B1-4C34-98CA-15B8022F1E08}.Debug|Windows-x86.Build.0 = Debug|Any CPU
		{8834522B-03B1-4C34-98CA-15B8022F1E08}.Release|Android.ActiveCfg = Release|Any CPU
		{8834522B-03B1-4C34-98CA-15B8022F1E08}.Release|Android.Build.0 = Release|Any CPU
		{8834522B-03B1-4C34-98CA-15B8022F1E08}.Release|Any CPU.ActiveCfg = Release|Any CPU
		{8834522B-03B1-4C34-98CA-15B8022F1E08}.Release|Any CPU.Build.0 = Release|Any CPU
		{8834522B-03B1-4C34-98CA-15B8022F1E08}.Release|iOS.ActiveCfg = Release|Any CPU
		{8834522B-03B1-4C34-98CA-15B8022F1E08}.Release|iOS.Build.0 = Release|Any CPU
		{8834522B-03B1-4C34-98CA-15B8022F1E08}.Release|Windows Phone (Universal).ActiveCfg = Release|Any CPU
		{8834522B-03B1-4C34-98CA-15B8022F1E08}.Release|Windows Phone (Universal).Build.0 = Release|Any CPU
		{8834522B-03B1-4C34-98CA-15B8022F1E08}.Release|Windows Phone 8.ActiveCfg = Release|Any CPU
		{8834522B-03B1-4C34-98CA-15B8022F1E08}.Release|Windows Phone 8.Build.0 = Release|Any CPU
		{8834522B-03B1-4C34-98CA-15B8022F1E08}.Release|Windows-AnyCPU.ActiveCfg = Release|Any CPU
		{8834522B-03B1-4C34-98CA-15B8022F1E08}.Release|Windows-AnyCPU.Build.0 = Release|Any CPU
		{8834522B-03B1-4C34-98CA-15B8022F1E08}.Release|Windows-ARM.ActiveCfg = Release|Any CPU
		{8834522B-03B1-4C34-98CA-15B8022F1E08}.Release|Windows-ARM.Build.0 = Release|Any CPU
		{8834522B-03B1-4C34-98CA-15B8022F1E08}.Release|Windows-x64.ActiveCfg = Release|Any CPU
		{8834522B-03B1-4C34-98CA-15B8022F1E08}.Release|Windows-x64.Build.0 = Release|Any CPU
		{8834522B-03B1-4C34-98CA-15B8022F1E08}.Release|Windows-x86.ActiveCfg = Release|Any CPU
		{8834522B-03B1-4C34-98CA-15B8022F1E08}.Release|Windows-x86.Build.0 = Release|Any CPU
		{A3E5585F-F0E0-472D-81D6-6F617953D65C}.Debug|Android.ActiveCfg = Debug|Any CPU
		{A3E5585F-F0E0-472D-81D6-6F617953D65C}.Debug|Android.Build.0 = Debug|Any CPU
		{A3E5585F-F0E0-472D-81D6-6F617953D65C}.Debug|Any CPU.ActiveCfg = Debug|Any CPU
		{A3E5585F-F0E0-472D-81D6-6F617953D65C}.Debug|Any CPU.Build.0 = Debug|Any CPU
		{A3E5585F-F0E0-472D-81D6-6F617953D65C}.Debug|iOS.ActiveCfg = Debug|Any CPU
		{A3E5585F-F0E0-472D-81D6-6F617953D65C}.Debug|iOS.Build.0 = Debug|Any CPU
		{A3E5585F-F0E0-472D-81D6-6F617953D65C}.Debug|Windows Phone (Universal).ActiveCfg = Debug|Any CPU
		{A3E5585F-F0E0-472D-81D6-6F617953D65C}.Debug|Windows Phone (Universal).Build.0 = Debug|Any CPU
		{A3E5585F-F0E0-472D-81D6-6F617953D65C}.Debug|Windows Phone 8.ActiveCfg = Debug|Any CPU
		{A3E5585F-F0E0-472D-81D6-6F617953D65C}.Debug|Windows Phone 8.Build.0 = Debug|Any CPU
		{A3E5585F-F0E0-472D-81D6-6F617953D65C}.Debug|Windows-AnyCPU.ActiveCfg = Debug|Any CPU
		{A3E5585F-F0E0-472D-81D6-6F617953D65C}.Debug|Windows-AnyCPU.Build.0 = Debug|Any CPU
		{A3E5585F-F0E0-472D-81D6-6F617953D65C}.Debug|Windows-ARM.ActiveCfg = Debug|Any CPU
		{A3E5585F-F0E0-472D-81D6-6F617953D65C}.Debug|Windows-ARM.Build.0 = Debug|Any CPU
		{A3E5585F-F0E0-472D-81D6-6F617953D65C}.Debug|Windows-x64.ActiveCfg = Debug|Any CPU
		{A3E5585F-F0E0-472D-81D6-6F617953D65C}.Debug|Windows-x64.Build.0 = Debug|Any CPU
		{A3E5585F-F0E0-472D-81D6-6F617953D65C}.Debug|Windows-x86.ActiveCfg = Debug|Any CPU
		{A3E5585F-F0E0-472D-81D6-6F617953D65C}.Debug|Windows-x86.Build.0 = Debug|Any CPU
		{A3E5585F-F0E0-472D-81D6-6F617953D65C}.Release|Android.ActiveCfg = Release|Any CPU
		{A3E5585F-F0E0-472D-81D6-6F617953D65C}.Release|Android.Build.0 = Release|Any CPU
		{A3E5585F-F0E0-472D-81D6-6F617953D65C}.Release|Any CPU.ActiveCfg = Release|Any CPU
		{A3E5585F-F0E0-472D-81D6-6F617953D65C}.Release|Any CPU.Build.0 = Release|Any CPU
		{A3E5585F-F0E0-472D-81D6-6F617953D65C}.Release|iOS.ActiveCfg = Release|Any CPU
		{A3E5585F-F0E0-472D-81D6-6F617953D65C}.Release|iOS.Build.0 = Release|Any CPU
		{A3E5585F-F0E0-472D-81D6-6F617953D65C}.Release|Windows Phone (Universal).ActiveCfg = Release|Any CPU
		{A3E5585F-F0E0-472D-81D6-6F617953D65C}.Release|Windows Phone (Universal).Build.0 = Release|Any CPU
		{A3E5585F-F0E0-472D-81D6-6F617953D65C}.Release|Windows Phone 8.ActiveCfg = Release|Any CPU
		{A3E5585F-F0E0-472D-81D6-6F617953D65C}.Release|Windows Phone 8.Build.0 = Release|Any CPU
		{A3E5585F-F0E0-472D-81D6-6F617953D65C}.Release|Windows-AnyCPU.ActiveCfg = Release|Any CPU
		{A3E5585F-F0E0-472D-81D6-6F617953D65C}.Release|Windows-AnyCPU.Build.0 = Release|Any CPU
		{A3E5585F-F0E0-472D-81D6-6F617953D65C}.Release|Windows-ARM.ActiveCfg = Release|Any CPU
		{A3E5585F-F0E0-472D-81D6-6F617953D65C}.Release|Windows-ARM.Build.0 = Release|Any CPU
		{A3E5585F-F0E0-472D-81D6-6F617953D65C}.Release|Windows-x64.ActiveCfg = Release|Any CPU
		{A3E5585F-F0E0-472D-81D6-6F617953D65C}.Release|Windows-x64.Build.0 = Release|Any CPU
		{A3E5585F-F0E0-472D-81D6-6F617953D65C}.Release|Windows-x86.ActiveCfg = Release|Any CPU
		{A3E5585F-F0E0-472D-81D6-6F617953D65C}.Release|Windows-x86.Build.0 = Release|Any CPU
		{6B15D58D-9D40-4144-9B16-41DDFE9C6BCD}.Debug|Android.ActiveCfg = Debug|Any CPU
		{6B15D58D-9D40-4144-9B16-41DDFE9C6BCD}.Debug|Android.Build.0 = Debug|Any CPU
		{6B15D58D-9D40-4144-9B16-41DDFE9C6BCD}.Debug|Any CPU.ActiveCfg = Debug|Any CPU
		{6B15D58D-9D40-4144-9B16-41DDFE9C6BCD}.Debug|Any CPU.Build.0 = Debug|Any CPU
		{6B15D58D-9D40-4144-9B16-41DDFE9C6BCD}.Debug|iOS.ActiveCfg = Debug|Any CPU
		{6B15D58D-9D40-4144-9B16-41DDFE9C6BCD}.Debug|iOS.Build.0 = Debug|Any CPU
		{6B15D58D-9D40-4144-9B16-41DDFE9C6BCD}.Debug|Windows Phone (Universal).ActiveCfg = Debug|Any CPU
		{6B15D58D-9D40-4144-9B16-41DDFE9C6BCD}.Debug|Windows Phone (Universal).Build.0 = Debug|Any CPU
		{6B15D58D-9D40-4144-9B16-41DDFE9C6BCD}.Debug|Windows Phone 8.ActiveCfg = Debug|Any CPU
		{6B15D58D-9D40-4144-9B16-41DDFE9C6BCD}.Debug|Windows Phone 8.Build.0 = Debug|Any CPU
		{6B15D58D-9D40-4144-9B16-41DDFE9C6BCD}.Debug|Windows-AnyCPU.ActiveCfg = Debug|Any CPU
		{6B15D58D-9D40-4144-9B16-41DDFE9C6BCD}.Debug|Windows-AnyCPU.Build.0 = Debug|Any CPU
		{6B15D58D-9D40-4144-9B16-41DDFE9C6BCD}.Debug|Windows-ARM.ActiveCfg = Debug|Any CPU
		{6B15D58D-9D40-4144-9B16-41DDFE9C6BCD}.Debug|Windows-ARM.Build.0 = Debug|Any CPU
		{6B15D58D-9D40-4144-9B16-41DDFE9C6BCD}.Debug|Windows-x64.ActiveCfg = Debug|Any CPU
		{6B15D58D-9D40-4144-9B16-41DDFE9C6BCD}.Debug|Windows-x64.Build.0 = Debug|Any CPU
		{6B15D58D-9D40-4144-9B16-41DDFE9C6BCD}.Debug|Windows-x86.ActiveCfg = Debug|Any CPU
		{6B15D58D-9D40-4144-9B16-41DDFE9C6BCD}.Debug|Windows-x86.Build.0 = Debug|Any CPU
		{6B15D58D-9D40-4144-9B16-41DDFE9C6BCD}.Release|Android.ActiveCfg = Release|Any CPU
		{6B15D58D-9D40-4144-9B16-41DDFE9C6BCD}.Release|Android.Build.0 = Release|Any CPU
		{6B15D58D-9D40-4144-9B16-41DDFE9C6BCD}.Release|Any CPU.ActiveCfg = Release|Any CPU
		{6B15D58D-9D40-4144-9B16-41DDFE9C6BCD}.Release|Any CPU.Build.0 = Release|Any CPU
		{6B15D58D-9D40-4144-9B16-41DDFE9C6BCD}.Release|iOS.ActiveCfg = Release|Any CPU
		{6B15D58D-9D40-4144-9B16-41DDFE9C6BCD}.Release|iOS.Build.0 = Release|Any CPU
		{6B15D58D-9D40-4144-9B16-41DDFE9C6BCD}.Release|Windows Phone (Universal).ActiveCfg = Release|Any CPU
		{6B15D58D-9D40-4144-9B16-41DDFE9C6BCD}.Release|Windows Phone (Universal).Build.0 = Release|Any CPU
		{6B15D58D-9D40-4144-9B16-41DDFE9C6BCD}.Release|Windows Phone 8.ActiveCfg = Release|Any CPU
		{6B15D58D-9D40-4144-9B16-41DDFE9C6BCD}.Release|Windows Phone 8.Build.0 = Release|Any CPU
		{6B15D58D-9D40-4144-9B16-41DDFE9C6BCD}.Release|Windows-AnyCPU.ActiveCfg = Release|Any CPU
		{6B15D58D-9D40-4144-9B16-41DDFE9C6BCD}.Release|Windows-AnyCPU.Build.0 = Release|Any CPU
		{6B15D58D-9D40-4144-9B16-41DDFE9C6BCD}.Release|Windows-ARM.ActiveCfg = Release|Any CPU
		{6B15D58D-9D40-4144-9B16-41DDFE9C6BCD}.Release|Windows-ARM.Build.0 = Release|Any CPU
		{6B15D58D-9D40-4144-9B16-41DDFE9C6BCD}.Release|Windows-x64.ActiveCfg = Release|Any CPU
		{6B15D58D-9D40-4144-9B16-41DDFE9C6BCD}.Release|Windows-x64.Build.0 = Release|Any CPU
		{6B15D58D-9D40-4144-9B16-41DDFE9C6BCD}.Release|Windows-x86.ActiveCfg = Release|Any CPU
		{6B15D58D-9D40-4144-9B16-41DDFE9C6BCD}.Release|Windows-x86.Build.0 = Release|Any CPU
		{91B68506-BAE2-45C4-B980-8781DC9089D2}.Debug|Android.ActiveCfg = Debug|Any CPU
		{91B68506-BAE2-45C4-B980-8781DC9089D2}.Debug|Android.Build.0 = Debug|Any CPU
		{91B68506-BAE2-45C4-B980-8781DC9089D2}.Debug|Any CPU.ActiveCfg = Debug|Any CPU
		{91B68506-BAE2-45C4-B980-8781DC9089D2}.Debug|Any CPU.Build.0 = Debug|Any CPU
		{91B68506-BAE2-45C4-B980-8781DC9089D2}.Debug|iOS.ActiveCfg = Debug|Any CPU
		{91B68506-BAE2-45C4-B980-8781DC9089D2}.Debug|iOS.Build.0 = Debug|Any CPU
		{91B68506-BAE2-45C4-B980-8781DC9089D2}.Debug|Windows Phone (Universal).ActiveCfg = Debug|Any CPU
		{91B68506-BAE2-45C4-B980-8781DC9089D2}.Debug|Windows Phone (Universal).Build.0 = Debug|Any CPU
		{91B68506-BAE2-45C4-B980-8781DC9089D2}.Debug|Windows Phone 8.ActiveCfg = Debug|Any CPU
		{91B68506-BAE2-45C4-B980-8781DC9089D2}.Debug|Windows Phone 8.Build.0 = Debug|Any CPU
		{91B68506-BAE2-45C4-B980-8781DC9089D2}.Debug|Windows-AnyCPU.ActiveCfg = Debug|Any CPU
		{91B68506-BAE2-45C4-B980-8781DC9089D2}.Debug|Windows-AnyCPU.Build.0 = Debug|Any CPU
		{91B68506-BAE2-45C4-B980-8781DC9089D2}.Debug|Windows-ARM.ActiveCfg = Debug|Any CPU
		{91B68506-BAE2-45C4-B980-8781DC9089D2}.Debug|Windows-ARM.Build.0 = Debug|Any CPU
		{91B68506-BAE2-45C4-B980-8781DC9089D2}.Debug|Windows-x64.ActiveCfg = Debug|Any CPU
		{91B68506-BAE2-45C4-B980-8781DC9089D2}.Debug|Windows-x64.Build.0 = Debug|Any CPU
		{91B68506-BAE2-45C4-B980-8781DC9089D2}.Debug|Windows-x86.ActiveCfg = Debug|Any CPU
		{91B68506-BAE2-45C4-B980-8781DC9089D2}.Debug|Windows-x86.Build.0 = Debug|Any CPU
		{91B68506-BAE2-45C4-B980-8781DC9089D2}.Release|Android.ActiveCfg = Release|Any CPU
		{91B68506-BAE2-45C4-B980-8781DC9089D2}.Release|Android.Build.0 = Release|Any CPU
		{91B68506-BAE2-45C4-B980-8781DC9089D2}.Release|Any CPU.ActiveCfg = Release|Any CPU
		{91B68506-BAE2-45C4-B980-8781DC9089D2}.Release|Any CPU.Build.0 = Release|Any CPU
		{91B68506-BAE2-45C4-B980-8781DC9089D2}.Release|iOS.ActiveCfg = Release|Any CPU
		{91B68506-BAE2-45C4-B980-8781DC9089D2}.Release|iOS.Build.0 = Release|Any CPU
		{91B68506-BAE2-45C4-B980-8781DC9089D2}.Release|Windows Phone (Universal).ActiveCfg = Release|Any CPU
		{91B68506-BAE2-45C4-B980-8781DC9089D2}.Release|Windows Phone (Universal).Build.0 = Release|Any CPU
		{91B68506-BAE2-45C4-B980-8781DC9089D2}.Release|Windows Phone 8.ActiveCfg = Release|Any CPU
		{91B68506-BAE2-45C4-B980-8781DC9089D2}.Release|Windows Phone 8.Build.0 = Release|Any CPU
		{91B68506-BAE2-45C4-B980-8781DC9089D2}.Release|Windows-AnyCPU.ActiveCfg = Release|Any CPU
		{91B68506-BAE2-45C4-B980-8781DC9089D2}.Release|Windows-AnyCPU.Build.0 = Release|Any CPU
		{91B68506-BAE2-45C4-B980-8781DC9089D2}.Release|Windows-ARM.ActiveCfg = Release|Any CPU
		{91B68506-BAE2-45C4-B980-8781DC9089D2}.Release|Windows-ARM.Build.0 = Release|Any CPU
		{91B68506-BAE2-45C4-B980-8781DC9089D2}.Release|Windows-x64.ActiveCfg = Release|Any CPU
		{91B68506-BAE2-45C4-B980-8781DC9089D2}.Release|Windows-x64.Build.0 = Release|Any CPU
		{91B68506-BAE2-45C4-B980-8781DC9089D2}.Release|Windows-x86.ActiveCfg = Release|Any CPU
		{91B68506-BAE2-45C4-B980-8781DC9089D2}.Release|Windows-x86.Build.0 = Release|Any CPU
	EndGlobalSection
	GlobalSection(SolutionProperties) = preSolution
		HideSolutionNode = FALSE
	EndGlobalSection
	GlobalSection(NestedProjects) = preSolution
		{A3E5585F-F0E0-472D-81D6-6F617953D65C} = {4D998673-6AAB-41E6-B8F8-8F8B8960683B}
		{6B15D58D-9D40-4144-9B16-41DDFE9C6BCD} = {4D998673-6AAB-41E6-B8F8-8F8B8960683B}
		{91B68506-BAE2-45C4-B980-8781DC9089D2} = {4D998673-6AAB-41E6-B8F8-8F8B8960683B}
	EndGlobalSection
	GlobalSection(ExtensibilityGlobals) = postSolution
		SolutionGuid = {6A66C33F-8652-4550-975D-6599E2C985B6}
	EndGlobalSection
EndGlobal
