Microsoft Visual Studio Solution File, Format Version 12.00
# Visual Studio Version 16
VisualStudioVersion = 16.0.0.0
MinimumVisualStudioVersion = 16.0.0.0
Project("{9A19103F-16F7-4668-BE54-9A1E7A4F7556}") = "DevApp.Blazor.Server", "DevApp.Blazor\DevApp.Blazor.Server\DevApp.Blazor.Server.csproj", "{2C8AD746-AD49-401E-9764-785E90983357}"
EndProject
Project("{9A19103F-16F7-4668-BE54-9A1E7A4F7556}") = "DevApp.Blazor.Client", "DevApp.Blazor\DevApp.Blazor.Client\DevApp.Blazor.Client.csproj", "{173FB53D-6BEE-4D1F-AF23-6B324EA4609A}"
EndProject
Global
	GlobalSection(SolutionConfigurationPlatforms) = preSolution
		Debug|Any CPU = Debug|Any CPU
		Debug|x64 = Debug|x64
		Debug|x86 = Debug|x86
		Release|Any CPU = Release|Any CPU
		Release|x64 = Release|x64
		Release|x86 = Release|x86
	EndGlobalSection
	GlobalSection(ProjectConfigurationPlatforms) = postSolution
		{173FB53D-6BEE-4D1F-AF23-6B324EA4609A}.Debug|Any CPU.ActiveCfg = Debug|Any CPU
		{173FB53D-6BEE-4D1F-AF23-6B324EA4609A}.Debug|Any CPU.Build.0 = Debug|Any CPU
		{173FB53D-6BEE-4D1F-AF23-6B324EA4609A}.Debug|x64.ActiveCfg = Debug|Any CPU
		{173FB53D-6BEE-4D1F-AF23-6B324EA4609A}.Debug|x64.Build.0 = Debug|Any CPU
		{173FB53D-6BEE-4D1F-AF23-6B324EA4609A}.Debug|x86.ActiveCfg = Debug|Any CPU
		{173FB53D-6BEE-4D1F-AF23-6B324EA4609A}.Debug|x86.Build.0 = Debug|Any CPU
		{173FB53D-6BEE-4D1F-AF23-6B324EA4609A}.Release|Any CPU.ActiveCfg = Release|Any CPU
		{173FB53D-6BEE-4D1F-AF23-6B324EA4609A}.Release|Any CPU.Build.0 = Release|Any CPU
		{173FB53D-6BEE-4D1F-AF23-6B324EA4609A}.Release|x64.ActiveCfg = Release|Any CPU
		{173FB53D-6BEE-4D1F-AF23-6B324EA4609A}.Release|x64.Build.0 = Release|Any CPU
		{173FB53D-6BEE-4D1F-AF23-6B324EA4609A}.Release|x86.ActiveCfg = Release|Any CPU
		{173FB53D-6BEE-4D1F-AF23-6B324EA4609A}.Release|x86.Build.0 = Release|Any CPU
		{2C8AD746-AD49-401E-9764-785E90983357}.Debug|Any CPU.ActiveCfg = Debug|Any CPU
		{2C8AD746-AD49-401E-9764-785E90983357}.Debug|Any CPU.Build.0 = Debug|Any CPU
		{2C8AD746-AD49-401E-9764-785E90983357}.Debug|x64.ActiveCfg = Debug|Any CPU
		{2C8AD746-AD49-401E-9764-785E90983357}.Debug|x64.Build.0 = Debug|Any CPU
		{2C8AD746-AD49-401E-9764-785E90983357}.Debug|x86.ActiveCfg = Debug|Any CPU
		{2C8AD746-AD49-401E-9764-785E90983357}.Debug|x86.Build.0 = Debug|Any CPU
		{2C8AD746-AD49-401E-9764-785E90983357}.Release|Any CPU.ActiveCfg = Release|Any CPU
		{2C8AD746-AD49-401E-9764-785E90983357}.Release|Any CPU.Build.0 = Release|Any CPU
		{2C8AD746-AD49-401E-9764-785E90983357}.Release|x64.ActiveCfg = Release|Any CPU
		{2C8AD746-AD49-401E-9764-785E90983357}.Release|x64.Build.0 = Release|Any CPU
		{2C8AD746-AD49-401E-9764-785E90983357}.Release|x86.ActiveCfg = Release|Any CPU
		{2C8AD746-AD49-401E-9764-785E90983357}.Release|x86.Build.0 = Release|Any CPU
		{F8D04CB4-EA40-4490-9B64-45A0A1FA2563}.Debug|Any CPU.ActiveCfg = Debug|Any CPU
		{F8D04CB4-EA40-4490-9B64-45A0A1FA2563}.Debug|Any CPU.Build.0 = Debug|Any CPU
		{F8D04CB4-EA40-4490-9B64-45A0A1FA2563}.Debug|x64.ActiveCfg = Debug|Any CPU
		{F8D04CB4-EA40-4490-9B64-45A0A1FA2563}.Debug|x64.Build.0 = Debug|Any CPU
		{F8D04CB4-EA40-4490-9B64-45A0A1FA2563}.Debug|x86.ActiveCfg = Debug|Any CPU
		{F8D04CB4-EA40-4490-9B64-45A0A1FA2563}.Debug|x86.Build.0 = Debug|Any CPU
		{F8D04CB4-EA40-4490-9B64-45A0A1FA2563}.Release|Any CPU.ActiveCfg = Release|Any CPU
		{F8D04CB4-EA40-4490-9B64-45A0A1FA2563}.Release|Any CPU.Build.0 = Release|Any CPU
		{F8D04CB4-EA40-4490-9B64-45A0A1FA2563}.Release|x64.ActiveCfg = Release|Any CPU
		{F8D04CB4-EA40-4490-9B64-45A0A1FA2563}.Release|x64.Build.0 = Release|Any CPU
		{F8D04CB4-EA40-4490-9B64-45A0A1FA2563}.Release|x86.ActiveCfg = Release|Any CPU
		{F8D04CB4-EA40-4490-9B64-45A0A1FA2563}.Release|x86.Build.0 = Release|Any CPU
	EndGlobalSection
	GlobalSection(SolutionProperties) = preSolution
		HideSolutionNode = FALSE
	EndGlobalSection
	GlobalSection(ExtensibilityGlobals) = postSolution
		SolutionGuid = {09BE188F-329E-45ED-84BB-A9AA35936628}
	EndGlobalSection
EndGlobal
