
Microsoft Visual Studio Solution File, Format Version 12.00
# Visual Studio 14
VisualStudioVersion = 14.0.25420.1
MinimumVisualStudioVersion = 10.0.40219.1
Project("{FAE04EC0-301F-11D3-BF4B-00C04F79EFBC}") = "WebApplication", "WebApplication\WebApplication.csproj", "{6F3D2D41-9730-4FF3-839C-F03FDDB74670}"
EndProject
Project("{FAE04EC0-301F-11D3-BF4B-00C04F79EFBC}") = "DotNetifyLib", "DotNetifyLib\DotNetifyLib.csproj", "{329F210E-0721-462C-A368-14121DCEE135}"
EndProject
Project("{FAE04EC0-301F-11D3-BF4B-00C04F79EFBC}") = "ViewModels", "ViewModels\ViewModels.csproj", "{D777B14B-C36D-48A8-B5A8-2F5B0FCEB0CC}"
EndProject
Project("{FAE04EC0-301F-11D3-BF4B-00C04F79EFBC}") = "UnitTest", "UnitTest\UnitTest.csproj", "{A9D45EF3-F162-4E15-BCE5-E2F2501D9079}"
EndProject
Project("{8BB2217D-0F2D-49D1-97BC-3654ED321F3B}") = "DotNetifyLib.Core", "DotNetifyLib.Core\DotNetifyLib.Core.xproj", "{BAD3F752-EC12-452C-A569-01F3F150290D}"
EndProject
Project("{8BB2217D-0F2D-49D1-97BC-3654ED321F3B}") = "DotNetifyLib.SignalR", "DotNetifyLib.SignalR\DotNetifyLib.SignalR.xproj", "{97C031E6-BD91-45A7-B8C0-037A3CB9FD3E}"
EndProject
Project("{8BB2217D-0F2D-49D1-97BC-3654ED321F3B}") = "ViewModels.Examples", "ViewModels.Examples\ViewModels.Examples.xproj", "{D404DC45-B2C9-40C3-9CDA-7DC0FF7ED4DD}"
EndProject
Project("{8BB2217D-0F2D-49D1-97BC-3654ED321F3B}") = "WebApplication.Core", "WebApplication.Core\WebApplication.Core.xproj", "{A6D46694-DBCE-47EC-B1E1-8F10B0351E82}"
EndProject
Project("{2150E333-8FDC-42A3-9474-1A3956D46DE8}") = "ASP.NET 4.5", "ASP.NET 4.5", "{982511E3-DC01-4324-BF95-740B332FC8F9}"
EndProject
Project("{2150E333-8FDC-42A3-9474-1A3956D46DE8}") = "ASP.NET Core", "ASP.NET Core", "{4D24F814-2737-4143-8FC7-308D12F67719}"
EndProject
Project("{2150E333-8FDC-42A3-9474-1A3956D46DE8}") = "dist", "dist", "{9C5BEB91-E1EC-4006-B6D5-EB9E54EA6883}"
	ProjectSection(SolutionItems) = preProject
		dist\dotnetify-hub.js = dist\dotnetify-hub.js
		dist\dotnetify-hub.min.js = dist\dotnetify-hub.min.js
		dist\dotnetify.js = dist\dotnetify.js
		dist\dotnetify.min.js = dist\dotnetify.min.js
		dist\dotnetify.router.js = dist\dotnetify.router.js
		dist\dotnetify.router.min.js = dist\dotnetify.router.min.js
		dist\knockout.mapping-latest.js = dist\knockout.mapping-latest.js
		package.json = package.json
		dist\path.min.js = dist\path.min.js
	EndProjectSection
EndProject
Global
	GlobalSection(SolutionConfigurationPlatforms) = preSolution
		Debug|Android = Debug|Android
		Debug|Any CPU = Debug|Any CPU
		Debug|iOS = Debug|iOS
		Debug|Windows Phone (Universal) = Debug|Windows Phone (Universal)
		Debug|Windows Phone 8 = Debug|Windows Phone 8
		Debug|Windows-AnyCPU = Debug|Windows-AnyCPU
		Debug|Windows-ARM = Debug|Windows-ARM
		Debug|Windows-x64 = Debug|Windows-x64
		Debug|Windows-x86 = Debug|Windows-x86
		Release|Android = Release|Android
		Release|Any CPU = Release|Any CPU
		Release|iOS = Release|iOS
		Release|Windows Phone (Universal) = Release|Windows Phone (Universal)
		Release|Windows Phone 8 = Release|Windows Phone 8
		Release|Windows-AnyCPU = Release|Windows-AnyCPU
		Release|Windows-ARM = Release|Windows-ARM
		Release|Windows-x64 = Release|Windows-x64
		Release|Windows-x86 = Release|Windows-x86
	EndGlobalSection
	GlobalSection(ProjectConfigurationPlatforms) = postSolution
		{6F3D2D41-9730-4FF3-839C-F03FDDB74670}.Debug|Android.ActiveCfg = Debug|Any CPU
		{6F3D2D41-9730-4FF3-839C-F03FDDB74670}.Debug|Android.Build.0 = Debug|Any CPU
		{6F3D2D41-9730-4FF3-839C-F03FDDB74670}.Debug|Any CPU.ActiveCfg = Debug|Any CPU
		{6F3D2D41-9730-4FF3-839C-F03FDDB74670}.Debug|Any CPU.Build.0 = Debug|Any CPU
		{6F3D2D41-9730-4FF3-839C-F03FDDB74670}.Debug|iOS.ActiveCfg = Debug|Any CPU
		{6F3D2D41-9730-4FF3-839C-F03FDDB74670}.Debug|iOS.Build.0 = Debug|Any CPU
		{6F3D2D41-9730-4FF3-839C-F03FDDB74670}.Debug|Windows Phone (Universal).ActiveCfg = Debug|Any CPU
		{6F3D2D41-9730-4FF3-839C-F03FDDB74670}.Debug|Windows Phone (Universal).Build.0 = Debug|Any CPU
		{6F3D2D41-9730-4FF3-839C-F03FDDB74670}.Debug|Windows Phone 8.ActiveCfg = Debug|Any CPU
		{6F3D2D41-9730-4FF3-839C-F03FDDB74670}.Debug|Windows Phone 8.Build.0 = Debug|Any CPU
		{6F3D2D41-9730-4FF3-839C-F03FDDB74670}.Debug|Windows-AnyCPU.ActiveCfg = Debug|Any CPU
		{6F3D2D41-9730-4FF3-839C-F03FDDB74670}.Debug|Windows-AnyCPU.Build.0 = Debug|Any CPU
		{6F3D2D41-9730-4FF3-839C-F03FDDB74670}.Debug|Windows-ARM.ActiveCfg = Debug|Any CPU
		{6F3D2D41-9730-4FF3-839C-F03FDDB74670}.Debug|Windows-ARM.Build.0 = Debug|Any CPU
		{6F3D2D41-9730-4FF3-839C-F03FDDB74670}.Debug|Windows-x64.ActiveCfg = Debug|Any CPU
		{6F3D2D41-9730-4FF3-839C-F03FDDB74670}.Debug|Windows-x64.Build.0 = Debug|Any CPU
		{6F3D2D41-9730-4FF3-839C-F03FDDB74670}.Debug|Windows-x86.ActiveCfg = Debug|Any CPU
		{6F3D2D41-9730-4FF3-839C-F03FDDB74670}.Debug|Windows-x86.Build.0 = Debug|Any CPU
		{6F3D2D41-9730-4FF3-839C-F03FDDB74670}.Release|Android.ActiveCfg = Release|Any CPU
		{6F3D2D41-9730-4FF3-839C-F03FDDB74670}.Release|Android.Build.0 = Release|Any CPU
		{6F3D2D41-9730-4FF3-839C-F03FDDB74670}.Release|Any CPU.ActiveCfg = Release|Any CPU
		{6F3D2D41-9730-4FF3-839C-F03FDDB74670}.Release|Any CPU.Build.0 = Release|Any CPU
		{6F3D2D41-9730-4FF3-839C-F03FDDB74670}.Release|iOS.ActiveCfg = Release|Any CPU
		{6F3D2D41-9730-4FF3-839C-F03FDDB74670}.Release|iOS.Build.0 = Release|Any CPU
		{6F3D2D41-9730-4FF3-839C-F03FDDB74670}.Release|Windows Phone (Universal).ActiveCfg = Release|Any CPU
		{6F3D2D41-9730-4FF3-839C-F03FDDB74670}.Release|Windows Phone (Universal).Build.0 = Release|Any CPU
		{6F3D2D41-9730-4FF3-839C-F03FDDB74670}.Release|Windows Phone 8.ActiveCfg = Release|Any CPU
		{6F3D2D41-9730-4FF3-839C-F03FDDB74670}.Release|Windows Phone 8.Build.0 = Release|Any CPU
		{6F3D2D41-9730-4FF3-839C-F03FDDB74670}.Release|Windows-AnyCPU.ActiveCfg = Release|Any CPU
		{6F3D2D41-9730-4FF3-839C-F03FDDB74670}.Release|Windows-AnyCPU.Build.0 = Release|Any CPU
		{6F3D2D41-9730-4FF3-839C-F03FDDB74670}.Release|Windows-ARM.ActiveCfg = Release|Any CPU
		{6F3D2D41-9730-4FF3-839C-F03FDDB74670}.Release|Windows-ARM.Build.0 = Release|Any CPU
		{6F3D2D41-9730-4FF3-839C-F03FDDB74670}.Release|Windows-x64.ActiveCfg = Release|Any CPU
		{6F3D2D41-9730-4FF3-839C-F03FDDB74670}.Release|Windows-x64.Build.0 = Release|Any CPU
		{6F3D2D41-9730-4FF3-839C-F03FDDB74670}.Release|Windows-x86.ActiveCfg = Release|Any CPU
		{6F3D2D41-9730-4FF3-839C-F03FDDB74670}.Release|Windows-x86.Build.0 = Release|Any CPU
		{329F210E-0721-462C-A368-14121DCEE135}.Debug|Android.ActiveCfg = Debug|Any CPU
		{329F210E-0721-462C-A368-14121DCEE135}.Debug|Android.Build.0 = Debug|Any CPU
		{329F210E-0721-462C-A368-14121DCEE135}.Debug|Any CPU.ActiveCfg = Debug|Any CPU
		{329F210E-0721-462C-A368-14121DCEE135}.Debug|Any CPU.Build.0 = Debug|Any CPU
		{329F210E-0721-462C-A368-14121DCEE135}.Debug|iOS.ActiveCfg = Debug|Any CPU
		{329F210E-0721-462C-A368-14121DCEE135}.Debug|iOS.Build.0 = Debug|Any CPU
		{329F210E-0721-462C-A368-14121DCEE135}.Debug|Windows Phone (Universal).ActiveCfg = Debug|Any CPU
		{329F210E-0721-462C-A368-14121DCEE135}.Debug|Windows Phone (Universal).Build.0 = Debug|Any CPU
		{329F210E-0721-462C-A368-14121DCEE135}.Debug|Windows Phone 8.ActiveCfg = Debug|Any CPU
		{329F210E-0721-462C-A368-14121DCEE135}.Debug|Windows Phone 8.Build.0 = Debug|Any CPU
		{329F210E-0721-462C-A368-14121DCEE135}.Debug|Windows-AnyCPU.ActiveCfg = Debug|Any CPU
		{329F210E-0721-462C-A368-14121DCEE135}.Debug|Windows-AnyCPU.Build.0 = Debug|Any CPU
		{329F210E-0721-462C-A368-14121DCEE135}.Debug|Windows-ARM.ActiveCfg = Debug|Any CPU
		{329F210E-0721-462C-A368-14121DCEE135}.Debug|Windows-ARM.Build.0 = Debug|Any CPU
		{329F210E-0721-462C-A368-14121DCEE135}.Debug|Windows-x64.ActiveCfg = Debug|Any CPU
		{329F210E-0721-462C-A368-14121DCEE135}.Debug|Windows-x64.Build.0 = Debug|Any CPU
		{329F210E-0721-462C-A368-14121DCEE135}.Debug|Windows-x86.ActiveCfg = Debug|Any CPU
		{329F210E-0721-462C-A368-14121DCEE135}.Debug|Windows-x86.Build.0 = Debug|Any CPU
		{329F210E-0721-462C-A368-14121DCEE135}.Release|Android.ActiveCfg = Release|Any CPU
		{329F210E-0721-462C-A368-14121DCEE135}.Release|Android.Build.0 = Release|Any CPU
		{329F210E-0721-462C-A368-14121DCEE135}.Release|Any CPU.ActiveCfg = Release|Any CPU
		{329F210E-0721-462C-A368-14121DCEE135}.Release|Any CPU.Build.0 = Release|Any CPU
		{329F210E-0721-462C-A368-14121DCEE135}.Release|iOS.ActiveCfg = Release|Any CPU
		{329F210E-0721-462C-A368-14121DCEE135}.Release|iOS.Build.0 = Release|Any CPU
		{329F210E-0721-462C-A368-14121DCEE135}.Release|Windows Phone (Universal).ActiveCfg = Release|Any CPU
		{329F210E-0721-462C-A368-14121DCEE135}.Release|Windows Phone (Universal).Build.0 = Release|Any CPU
		{329F210E-0721-462C-A368-14121DCEE135}.Release|Windows Phone 8.ActiveCfg = Release|Any CPU
		{329F210E-0721-462C-A368-14121DCEE135}.Release|Windows Phone 8.Build.0 = Release|Any CPU
		{329F210E-0721-462C-A368-14121DCEE135}.Release|Windows-AnyCPU.ActiveCfg = Release|Any CPU
		{329F210E-0721-462C-A368-14121DCEE135}.Release|Windows-AnyCPU.Build.0 = Release|Any CPU
		{329F210E-0721-462C-A368-14121DCEE135}.Release|Windows-ARM.ActiveCfg = Release|Any CPU
		{329F210E-0721-462C-A368-14121DCEE135}.Release|Windows-ARM.Build.0 = Release|Any CPU
		{329F210E-0721-462C-A368-14121DCEE135}.Release|Windows-x64.ActiveCfg = Release|Any CPU
		{329F210E-0721-462C-A368-14121DCEE135}.Release|Windows-x64.Build.0 = Release|Any CPU
		{329F210E-0721-462C-A368-14121DCEE135}.Release|Windows-x86.ActiveCfg = Release|Any CPU
		{329F210E-0721-462C-A368-14121DCEE135}.Release|Windows-x86.Build.0 = Release|Any CPU
		{D777B14B-C36D-48A8-B5A8-2F5B0FCEB0CC}.Debug|Android.ActiveCfg = Debug|Any CPU
		{D777B14B-C36D-48A8-B5A8-2F5B0FCEB0CC}.Debug|Android.Build.0 = Debug|Any CPU
		{D777B14B-C36D-48A8-B5A8-2F5B0FCEB0CC}.Debug|Any CPU.ActiveCfg = Debug|Any CPU
		{D777B14B-C36D-48A8-B5A8-2F5B0FCEB0CC}.Debug|Any CPU.Build.0 = Debug|Any CPU
		{D777B14B-C36D-48A8-B5A8-2F5B0FCEB0CC}.Debug|iOS.ActiveCfg = Debug|Any CPU
		{D777B14B-C36D-48A8-B5A8-2F5B0FCEB0CC}.Debug|iOS.Build.0 = Debug|Any CPU
		{D777B14B-C36D-48A8-B5A8-2F5B0FCEB0CC}.Debug|Windows Phone (Universal).ActiveCfg = Debug|Any CPU
		{D777B14B-C36D-48A8-B5A8-2F5B0FCEB0CC}.Debug|Windows Phone (Universal).Build.0 = Debug|Any CPU
		{D777B14B-C36D-48A8-B5A8-2F5B0FCEB0CC}.Debug|Windows Phone 8.ActiveCfg = Debug|Any CPU
		{D777B14B-C36D-48A8-B5A8-2F5B0FCEB0CC}.Debug|Windows Phone 8.Build.0 = Debug|Any CPU
		{D777B14B-C36D-48A8-B5A8-2F5B0FCEB0CC}.Debug|Windows-AnyCPU.ActiveCfg = Debug|Any CPU
		{D777B14B-C36D-48A8-B5A8-2F5B0FCEB0CC}.Debug|Windows-AnyCPU.Build.0 = Debug|Any CPU
		{D777B14B-C36D-48A8-B5A8-2F5B0FCEB0CC}.Debug|Windows-ARM.ActiveCfg = Debug|Any CPU
		{D777B14B-C36D-48A8-B5A8-2F5B0FCEB0CC}.Debug|Windows-ARM.Build.0 = Debug|Any CPU
		{D777B14B-C36D-48A8-B5A8-2F5B0FCEB0CC}.Debug|Windows-x64.ActiveCfg = Debug|Any CPU
		{D777B14B-C36D-48A8-B5A8-2F5B0FCEB0CC}.Debug|Windows-x64.Build.0 = Debug|Any CPU
		{D777B14B-C36D-48A8-B5A8-2F5B0FCEB0CC}.Debug|Windows-x86.ActiveCfg = Debug|Any CPU
		{D777B14B-C36D-48A8-B5A8-2F5B0FCEB0CC}.Debug|Windows-x86.Build.0 = Debug|Any CPU
		{D777B14B-C36D-48A8-B5A8-2F5B0FCEB0CC}.Release|Android.ActiveCfg = Release|Any CPU
		{D777B14B-C36D-48A8-B5A8-2F5B0FCEB0CC}.Release|Android.Build.0 = Release|Any CPU
		{D777B14B-C36D-48A8-B5A8-2F5B0FCEB0CC}.Release|Any CPU.ActiveCfg = Release|Any CPU
		{D777B14B-C36D-48A8-B5A8-2F5B0FCEB0CC}.Release|Any CPU.Build.0 = Release|Any CPU
		{D777B14B-C36D-48A8-B5A8-2F5B0FCEB0CC}.Release|iOS.ActiveCfg = Release|Any CPU
		{D777B14B-C36D-48A8-B5A8-2F5B0FCEB0CC}.Release|iOS.Build.0 = Release|Any CPU
		{D777B14B-C36D-48A8-B5A8-2F5B0FCEB0CC}.Release|Windows Phone (Universal).ActiveCfg = Release|Any CPU
		{D777B14B-C36D-48A8-B5A8-2F5B0FCEB0CC}.Release|Windows Phone (Universal).Build.0 = Release|Any CPU
		{D777B14B-C36D-48A8-B5A8-2F5B0FCEB0CC}.Release|Windows Phone 8.ActiveCfg = Release|Any CPU
		{D777B14B-C36D-48A8-B5A8-2F5B0FCEB0CC}.Release|Windows Phone 8.Build.0 = Release|Any CPU
		{D777B14B-C36D-48A8-B5A8-2F5B0FCEB0CC}.Release|Windows-AnyCPU.ActiveCfg = Release|Any CPU
		{D777B14B-C36D-48A8-B5A8-2F5B0FCEB0CC}.Release|Windows-AnyCPU.Build.0 = Release|Any CPU
		{D777B14B-C36D-48A8-B5A8-2F5B0FCEB0CC}.Release|Windows-ARM.ActiveCfg = Release|Any CPU
		{D777B14B-C36D-48A8-B5A8-2F5B0FCEB0CC}.Release|Windows-ARM.Build.0 = Release|Any CPU
		{D777B14B-C36D-48A8-B5A8-2F5B0FCEB0CC}.Release|Windows-x64.ActiveCfg = Release|Any CPU
		{D777B14B-C36D-48A8-B5A8-2F5B0FCEB0CC}.Release|Windows-x64.Build.0 = Release|Any CPU
		{D777B14B-C36D-48A8-B5A8-2F5B0FCEB0CC}.Release|Windows-x86.ActiveCfg = Release|Any CPU
		{D777B14B-C36D-48A8-B5A8-2F5B0FCEB0CC}.Release|Windows-x86.Build.0 = Release|Any CPU
		{A9D45EF3-F162-4E15-BCE5-E2F2501D9079}.Debug|Android.ActiveCfg = Debug|Any CPU
		{A9D45EF3-F162-4E15-BCE5-E2F2501D9079}.Debug|Android.Build.0 = Debug|Any CPU
		{A9D45EF3-F162-4E15-BCE5-E2F2501D9079}.Debug|Any CPU.ActiveCfg = Debug|Any CPU
		{A9D45EF3-F162-4E15-BCE5-E2F2501D9079}.Debug|Any CPU.Build.0 = Debug|Any CPU
		{A9D45EF3-F162-4E15-BCE5-E2F2501D9079}.Debug|iOS.ActiveCfg = Debug|Any CPU
		{A9D45EF3-F162-4E15-BCE5-E2F2501D9079}.Debug|iOS.Build.0 = Debug|Any CPU
		{A9D45EF3-F162-4E15-BCE5-E2F2501D9079}.Debug|Windows Phone (Universal).ActiveCfg = Debug|Any CPU
		{A9D45EF3-F162-4E15-BCE5-E2F2501D9079}.Debug|Windows Phone (Universal).Build.0 = Debug|Any CPU
		{A9D45EF3-F162-4E15-BCE5-E2F2501D9079}.Debug|Windows Phone 8.ActiveCfg = Debug|Any CPU
		{A9D45EF3-F162-4E15-BCE5-E2F2501D9079}.Debug|Windows Phone 8.Build.0 = Debug|Any CPU
		{A9D45EF3-F162-4E15-BCE5-E2F2501D9079}.Debug|Windows-AnyCPU.ActiveCfg = Debug|Any CPU
		{A9D45EF3-F162-4E15-BCE5-E2F2501D9079}.Debug|Windows-AnyCPU.Build.0 = Debug|Any CPU
		{A9D45EF3-F162-4E15-BCE5-E2F2501D9079}.Debug|Windows-ARM.ActiveCfg = Debug|Any CPU
		{A9D45EF3-F162-4E15-BCE5-E2F2501D9079}.Debug|Windows-ARM.Build.0 = Debug|Any CPU
		{A9D45EF3-F162-4E15-BCE5-E2F2501D9079}.Debug|Windows-x64.ActiveCfg = Debug|Any CPU
		{A9D45EF3-F162-4E15-BCE5-E2F2501D9079}.Debug|Windows-x64.Build.0 = Debug|Any CPU
		{A9D45EF3-F162-4E15-BCE5-E2F2501D9079}.Debug|Windows-x86.ActiveCfg = Debug|Any CPU
		{A9D45EF3-F162-4E15-BCE5-E2F2501D9079}.Debug|Windows-x86.Build.0 = Debug|Any CPU
		{A9D45EF3-F162-4E15-BCE5-E2F2501D9079}.Release|Android.ActiveCfg = Release|Any CPU
		{A9D45EF3-F162-4E15-BCE5-E2F2501D9079}.Release|Android.Build.0 = Release|Any CPU
		{A9D45EF3-F162-4E15-BCE5-E2F2501D9079}.Release|Any CPU.ActiveCfg = Release|Any CPU
		{A9D45EF3-F162-4E15-BCE5-E2F2501D9079}.Release|Any CPU.Build.0 = Release|Any CPU
		{A9D45EF3-F162-4E15-BCE5-E2F2501D9079}.Release|iOS.ActiveCfg = Release|Any CPU
		{A9D45EF3-F162-4E15-BCE5-E2F2501D9079}.Release|iOS.Build.0 = Release|Any CPU
		{A9D45EF3-F162-4E15-BCE5-E2F2501D9079}.Release|Windows Phone (Universal).ActiveCfg = Release|Any CPU
		{A9D45EF3-F162-4E15-BCE5-E2F2501D9079}.Release|Windows Phone (Universal).Build.0 = Release|Any CPU
		{A9D45EF3-F162-4E15-BCE5-E2F2501D9079}.Release|Windows Phone 8.ActiveCfg = Release|Any CPU
		{A9D45EF3-F162-4E15-BCE5-E2F2501D9079}.Release|Windows Phone 8.Build.0 = Release|Any CPU
		{A9D45EF3-F162-4E15-BCE5-E2F2501D9079}.Release|Windows-AnyCPU.ActiveCfg = Release|Any CPU
		{A9D45EF3-F162-4E15-BCE5-E2F2501D9079}.Release|Windows-AnyCPU.Build.0 = Release|Any CPU
		{A9D45EF3-F162-4E15-BCE5-E2F2501D9079}.Release|Windows-ARM.ActiveCfg = Release|Any CPU
		{A9D45EF3-F162-4E15-BCE5-E2F2501D9079}.Release|Windows-ARM.Build.0 = Release|Any CPU
		{A9D45EF3-F162-4E15-BCE5-E2F2501D9079}.Release|Windows-x64.ActiveCfg = Release|Any CPU
		{A9D45EF3-F162-4E15-BCE5-E2F2501D9079}.Release|Windows-x64.Build.0 = Release|Any CPU
		{A9D45EF3-F162-4E15-BCE5-E2F2501D9079}.Release|Windows-x86.ActiveCfg = Release|Any CPU
		{A9D45EF3-F162-4E15-BCE5-E2F2501D9079}.Release|Windows-x86.Build.0 = Release|Any CPU
		{BAD3F752-EC12-452C-A569-01F3F150290D}.Debug|Android.ActiveCfg = Debug|Any CPU
		{BAD3F752-EC12-452C-A569-01F3F150290D}.Debug|Android.Build.0 = Debug|Any CPU
		{BAD3F752-EC12-452C-A569-01F3F150290D}.Debug|Any CPU.ActiveCfg = Debug|Any CPU
		{BAD3F752-EC12-452C-A569-01F3F150290D}.Debug|Any CPU.Build.0 = Debug|Any CPU
		{BAD3F752-EC12-452C-A569-01F3F150290D}.Debug|iOS.ActiveCfg = Debug|Any CPU
		{BAD3F752-EC12-452C-A569-01F3F150290D}.Debug|iOS.Build.0 = Debug|Any CPU
		{BAD3F752-EC12-452C-A569-01F3F150290D}.Debug|Windows Phone (Universal).ActiveCfg = Debug|Any CPU
		{BAD3F752-EC12-452C-A569-01F3F150290D}.Debug|Windows Phone (Universal).Build.0 = Debug|Any CPU
		{BAD3F752-EC12-452C-A569-01F3F150290D}.Debug|Windows Phone 8.ActiveCfg = Debug|Any CPU
		{BAD3F752-EC12-452C-A569-01F3F150290D}.Debug|Windows Phone 8.Build.0 = Debug|Any CPU
		{BAD3F752-EC12-452C-A569-01F3F150290D}.Debug|Windows-AnyCPU.ActiveCfg = Debug|Any CPU
		{BAD3F752-EC12-452C-A569-01F3F150290D}.Debug|Windows-AnyCPU.Build.0 = Debug|Any CPU
		{BAD3F752-EC12-452C-A569-01F3F150290D}.Debug|Windows-ARM.ActiveCfg = Debug|Any CPU
		{BAD3F752-EC12-452C-A569-01F3F150290D}.Debug|Windows-ARM.Build.0 = Debug|Any CPU
		{BAD3F752-EC12-452C-A569-01F3F150290D}.Debug|Windows-x64.ActiveCfg = Debug|Any CPU
		{BAD3F752-EC12-452C-A569-01F3F150290D}.Debug|Windows-x64.Build.0 = Debug|Any CPU
		{BAD3F752-EC12-452C-A569-01F3F150290D}.Debug|Windows-x86.ActiveCfg = Debug|Any CPU
		{BAD3F752-EC12-452C-A569-01F3F150290D}.Debug|Windows-x86.Build.0 = Debug|Any CPU
		{BAD3F752-EC12-452C-A569-01F3F150290D}.Release|Android.ActiveCfg = Release|Any CPU
		{BAD3F752-EC12-452C-A569-01F3F150290D}.Release|Android.Build.0 = Release|Any CPU
		{BAD3F752-EC12-452C-A569-01F3F150290D}.Release|Any CPU.ActiveCfg = Release|Any CPU
		{BAD3F752-EC12-452C-A569-01F3F150290D}.Release|Any CPU.Build.0 = Release|Any CPU
		{BAD3F752-EC12-452C-A569-01F3F150290D}.Release|iOS.ActiveCfg = Release|Any CPU
		{BAD3F752-EC12-452C-A569-01F3F150290D}.Release|iOS.Build.0 = Release|Any CPU
		{BAD3F752-EC12-452C-A569-01F3F150290D}.Release|Windows Phone (Universal).ActiveCfg = Release|Any CPU
		{BAD3F752-EC12-452C-A569-01F3F150290D}.Release|Windows Phone (Universal).Build.0 = Release|Any CPU
		{BAD3F752-EC12-452C-A569-01F3F150290D}.Release|Windows Phone 8.ActiveCfg = Release|Any CPU
		{BAD3F752-EC12-452C-A569-01F3F150290D}.Release|Windows Phone 8.Build.0 = Release|Any CPU
		{BAD3F752-EC12-452C-A569-01F3F150290D}.Release|Windows-AnyCPU.ActiveCfg = Release|Any CPU
		{BAD3F752-EC12-452C-A569-01F3F150290D}.Release|Windows-AnyCPU.Build.0 = Release|Any CPU
		{BAD3F752-EC12-452C-A569-01F3F150290D}.Release|Windows-ARM.ActiveCfg = Release|Any CPU
		{BAD3F752-EC12-452C-A569-01F3F150290D}.Release|Windows-ARM.Build.0 = Release|Any CPU
		{BAD3F752-EC12-452C-A569-01F3F150290D}.Release|Windows-x64.ActiveCfg = Release|Any CPU
		{BAD3F752-EC12-452C-A569-01F3F150290D}.Release|Windows-x64.Build.0 = Release|Any CPU
		{BAD3F752-EC12-452C-A569-01F3F150290D}.Release|Windows-x86.ActiveCfg = Release|Any CPU
		{BAD3F752-EC12-452C-A569-01F3F150290D}.Release|Windows-x86.Build.0 = Release|Any CPU
		{97C031E6-BD91-45A7-B8C0-037A3CB9FD3E}.Debug|Android.ActiveCfg = Debug|Any CPU
		{97C031E6-BD91-45A7-B8C0-037A3CB9FD3E}.Debug|Android.Build.0 = Debug|Any CPU
		{97C031E6-BD91-45A7-B8C0-037A3CB9FD3E}.Debug|Any CPU.ActiveCfg = Debug|Any CPU
		{97C031E6-BD91-45A7-B8C0-037A3CB9FD3E}.Debug|Any CPU.Build.0 = Debug|Any CPU
		{97C031E6-BD91-45A7-B8C0-037A3CB9FD3E}.Debug|iOS.ActiveCfg = Debug|Any CPU
		{97C031E6-BD91-45A7-B8C0-037A3CB9FD3E}.Debug|iOS.Build.0 = Debug|Any CPU
		{97C031E6-BD91-45A7-B8C0-037A3CB9FD3E}.Debug|Windows Phone (Universal).ActiveCfg = Debug|Any CPU
		{97C031E6-BD91-45A7-B8C0-037A3CB9FD3E}.Debug|Windows Phone (Universal).Build.0 = Debug|Any CPU
		{97C031E6-BD91-45A7-B8C0-037A3CB9FD3E}.Debug|Windows Phone 8.ActiveCfg = Debug|Any CPU
		{97C031E6-BD91-45A7-B8C0-037A3CB9FD3E}.Debug|Windows Phone 8.Build.0 = Debug|Any CPU
		{97C031E6-BD91-45A7-B8C0-037A3CB9FD3E}.Debug|Windows-AnyCPU.ActiveCfg = Debug|Any CPU
		{97C031E6-BD91-45A7-B8C0-037A3CB9FD3E}.Debug|Windows-AnyCPU.Build.0 = Debug|Any CPU
		{97C031E6-BD91-45A7-B8C0-037A3CB9FD3E}.Debug|Windows-ARM.ActiveCfg = Debug|Any CPU
		{97C031E6-BD91-45A7-B8C0-037A3CB9FD3E}.Debug|Windows-ARM.Build.0 = Debug|Any CPU
		{97C031E6-BD91-45A7-B8C0-037A3CB9FD3E}.Debug|Windows-x64.ActiveCfg = Debug|Any CPU
		{97C031E6-BD91-45A7-B8C0-037A3CB9FD3E}.Debug|Windows-x64.Build.0 = Debug|Any CPU
		{97C031E6-BD91-45A7-B8C0-037A3CB9FD3E}.Debug|Windows-x86.ActiveCfg = Debug|Any CPU
		{97C031E6-BD91-45A7-B8C0-037A3CB9FD3E}.Debug|Windows-x86.Build.0 = Debug|Any CPU
		{97C031E6-BD91-45A7-B8C0-037A3CB9FD3E}.Release|Android.ActiveCfg = Release|Any CPU
		{97C031E6-BD91-45A7-B8C0-037A3CB9FD3E}.Release|Android.Build.0 = Release|Any CPU
		{97C031E6-BD91-45A7-B8C0-037A3CB9FD3E}.Release|Any CPU.ActiveCfg = Release|Any CPU
		{97C031E6-BD91-45A7-B8C0-037A3CB9FD3E}.Release|Any CPU.Build.0 = Release|Any CPU
		{97C031E6-BD91-45A7-B8C0-037A3CB9FD3E}.Release|iOS.ActiveCfg = Release|Any CPU
		{97C031E6-BD91-45A7-B8C0-037A3CB9FD3E}.Release|iOS.Build.0 = Release|Any CPU
		{97C031E6-BD91-45A7-B8C0-037A3CB9FD3E}.Release|Windows Phone (Universal).ActiveCfg = Release|Any CPU
		{97C031E6-BD91-45A7-B8C0-037A3CB9FD3E}.Release|Windows Phone (Universal).Build.0 = Release|Any CPU
		{97C031E6-BD91-45A7-B8C0-037A3CB9FD3E}.Release|Windows Phone 8.ActiveCfg = Release|Any CPU
		{97C031E6-BD91-45A7-B8C0-037A3CB9FD3E}.Release|Windows Phone 8.Build.0 = Release|Any CPU
		{97C031E6-BD91-45A7-B8C0-037A3CB9FD3E}.Release|Windows-AnyCPU.ActiveCfg = Release|Any CPU
		{97C031E6-BD91-45A7-B8C0-037A3CB9FD3E}.Release|Windows-AnyCPU.Build.0 = Release|Any CPU
		{97C031E6-BD91-45A7-B8C0-037A3CB9FD3E}.Release|Windows-ARM.ActiveCfg = Release|Any CPU
		{97C031E6-BD91-45A7-B8C0-037A3CB9FD3E}.Release|Windows-ARM.Build.0 = Release|Any CPU
		{97C031E6-BD91-45A7-B8C0-037A3CB9FD3E}.Release|Windows-x64.ActiveCfg = Release|Any CPU
		{97C031E6-BD91-45A7-B8C0-037A3CB9FD3E}.Release|Windows-x64.Build.0 = Release|Any CPU
		{97C031E6-BD91-45A7-B8C0-037A3CB9FD3E}.Release|Windows-x86.ActiveCfg = Release|Any CPU
		{97C031E6-BD91-45A7-B8C0-037A3CB9FD3E}.Release|Windows-x86.Build.0 = Release|Any CPU
		{D404DC45-B2C9-40C3-9CDA-7DC0FF7ED4DD}.Debug|Android.ActiveCfg = Debug|Any CPU
		{D404DC45-B2C9-40C3-9CDA-7DC0FF7ED4DD}.Debug|Android.Build.0 = Debug|Any CPU
		{D404DC45-B2C9-40C3-9CDA-7DC0FF7ED4DD}.Debug|Any CPU.ActiveCfg = Debug|Any CPU
		{D404DC45-B2C9-40C3-9CDA-7DC0FF7ED4DD}.Debug|Any CPU.Build.0 = Debug|Any CPU
		{D404DC45-B2C9-40C3-9CDA-7DC0FF7ED4DD}.Debug|iOS.ActiveCfg = Debug|Any CPU
		{D404DC45-B2C9-40C3-9CDA-7DC0FF7ED4DD}.Debug|iOS.Build.0 = Debug|Any CPU
		{D404DC45-B2C9-40C3-9CDA-7DC0FF7ED4DD}.Debug|Windows Phone (Universal).ActiveCfg = Debug|Any CPU
		{D404DC45-B2C9-40C3-9CDA-7DC0FF7ED4DD}.Debug|Windows Phone (Universal).Build.0 = Debug|Any CPU
		{D404DC45-B2C9-40C3-9CDA-7DC0FF7ED4DD}.Debug|Windows Phone 8.ActiveCfg = Debug|Any CPU
		{D404DC45-B2C9-40C3-9CDA-7DC0FF7ED4DD}.Debug|Windows Phone 8.Build.0 = Debug|Any CPU
		{D404DC45-B2C9-40C3-9CDA-7DC0FF7ED4DD}.Debug|Windows-AnyCPU.ActiveCfg = Debug|Any CPU
		{D404DC45-B2C9-40C3-9CDA-7DC0FF7ED4DD}.Debug|Windows-AnyCPU.Build.0 = Debug|Any CPU
		{D404DC45-B2C9-40C3-9CDA-7DC0FF7ED4DD}.Debug|Windows-ARM.ActiveCfg = Debug|Any CPU
		{D404DC45-B2C9-40C3-9CDA-7DC0FF7ED4DD}.Debug|Windows-ARM.Build.0 = Debug|Any CPU
		{D404DC45-B2C9-40C3-9CDA-7DC0FF7ED4DD}.Debug|Windows-x64.ActiveCfg = Debug|Any CPU
		{D404DC45-B2C9-40C3-9CDA-7DC0FF7ED4DD}.Debug|Windows-x64.Build.0 = Debug|Any CPU
		{D404DC45-B2C9-40C3-9CDA-7DC0FF7ED4DD}.Debug|Windows-x86.ActiveCfg = Debug|Any CPU
		{D404DC45-B2C9-40C3-9CDA-7DC0FF7ED4DD}.Debug|Windows-x86.Build.0 = Debug|Any CPU
		{D404DC45-B2C9-40C3-9CDA-7DC0FF7ED4DD}.Release|Android.ActiveCfg = Release|Any CPU
		{D404DC45-B2C9-40C3-9CDA-7DC0FF7ED4DD}.Release|Android.Build.0 = Release|Any CPU
		{D404DC45-B2C9-40C3-9CDA-7DC0FF7ED4DD}.Release|Any CPU.ActiveCfg = Release|Any CPU
		{D404DC45-B2C9-40C3-9CDA-7DC0FF7ED4DD}.Release|Any CPU.Build.0 = Release|Any CPU
		{D404DC45-B2C9-40C3-9CDA-7DC0FF7ED4DD}.Release|iOS.ActiveCfg = Release|Any CPU
		{D404DC45-B2C9-40C3-9CDA-7DC0FF7ED4DD}.Release|iOS.Build.0 = Release|Any CPU
		{D404DC45-B2C9-40C3-9CDA-7DC0FF7ED4DD}.Release|Windows Phone (Universal).ActiveCfg = Release|Any CPU
		{D404DC45-B2C9-40C3-9CDA-7DC0FF7ED4DD}.Release|Windows Phone (Universal).Build.0 = Release|Any CPU
		{D404DC45-B2C9-40C3-9CDA-7DC0FF7ED4DD}.Release|Windows Phone 8.ActiveCfg = Release|Any CPU
		{D404DC45-B2C9-40C3-9CDA-7DC0FF7ED4DD}.Release|Windows Phone 8.Build.0 = Release|Any CPU
		{D404DC45-B2C9-40C3-9CDA-7DC0FF7ED4DD}.Release|Windows-AnyCPU.ActiveCfg = Release|Any CPU
		{D404DC45-B2C9-40C3-9CDA-7DC0FF7ED4DD}.Release|Windows-AnyCPU.Build.0 = Release|Any CPU
		{D404DC45-B2C9-40C3-9CDA-7DC0FF7ED4DD}.Release|Windows-ARM.ActiveCfg = Release|Any CPU
		{D404DC45-B2C9-40C3-9CDA-7DC0FF7ED4DD}.Release|Windows-ARM.Build.0 = Release|Any CPU
		{D404DC45-B2C9-40C3-9CDA-7DC0FF7ED4DD}.Release|Windows-x64.ActiveCfg = Release|Any CPU
		{D404DC45-B2C9-40C3-9CDA-7DC0FF7ED4DD}.Release|Windows-x64.Build.0 = Release|Any CPU
		{D404DC45-B2C9-40C3-9CDA-7DC0FF7ED4DD}.Release|Windows-x86.ActiveCfg = Release|Any CPU
		{D404DC45-B2C9-40C3-9CDA-7DC0FF7ED4DD}.Release|Windows-x86.Build.0 = Release|Any CPU
		{A6D46694-DBCE-47EC-B1E1-8F10B0351E82}.Debug|Android.ActiveCfg = Debug|Any CPU
		{A6D46694-DBCE-47EC-B1E1-8F10B0351E82}.Debug|Android.Build.0 = Debug|Any CPU
		{A6D46694-DBCE-47EC-B1E1-8F10B0351E82}.Debug|Any CPU.ActiveCfg = Debug|Any CPU
		{A6D46694-DBCE-47EC-B1E1-8F10B0351E82}.Debug|Any CPU.Build.0 = Debug|Any CPU
		{A6D46694-DBCE-47EC-B1E1-8F10B0351E82}.Debug|iOS.ActiveCfg = Debug|Any CPU
		{A6D46694-DBCE-47EC-B1E1-8F10B0351E82}.Debug|iOS.Build.0 = Debug|Any CPU
		{A6D46694-DBCE-47EC-B1E1-8F10B0351E82}.Debug|Windows Phone (Universal).ActiveCfg = Debug|Any CPU
		{A6D46694-DBCE-47EC-B1E1-8F10B0351E82}.Debug|Windows Phone (Universal).Build.0 = Debug|Any CPU
		{A6D46694-DBCE-47EC-B1E1-8F10B0351E82}.Debug|Windows Phone 8.ActiveCfg = Debug|Any CPU
		{A6D46694-DBCE-47EC-B1E1-8F10B0351E82}.Debug|Windows Phone 8.Build.0 = Debug|Any CPU
		{A6D46694-DBCE-47EC-B1E1-8F10B0351E82}.Debug|Windows-AnyCPU.ActiveCfg = Debug|Any CPU
		{A6D46694-DBCE-47EC-B1E1-8F10B0351E82}.Debug|Windows-AnyCPU.Build.0 = Debug|Any CPU
		{A6D46694-DBCE-47EC-B1E1-8F10B0351E82}.Debug|Windows-ARM.ActiveCfg = Debug|Any CPU
		{A6D46694-DBCE-47EC-B1E1-8F10B0351E82}.Debug|Windows-ARM.Build.0 = Debug|Any CPU
		{A6D46694-DBCE-47EC-B1E1-8F10B0351E82}.Debug|Windows-x64.ActiveCfg = Debug|Any CPU
		{A6D46694-DBCE-47EC-B1E1-8F10B0351E82}.Debug|Windows-x64.Build.0 = Debug|Any CPU
		{A6D46694-DBCE-47EC-B1E1-8F10B0351E82}.Debug|Windows-x86.ActiveCfg = Debug|Any CPU
		{A6D46694-DBCE-47EC-B1E1-8F10B0351E82}.Debug|Windows-x86.Build.0 = Debug|Any CPU
		{A6D46694-DBCE-47EC-B1E1-8F10B0351E82}.Release|Android.ActiveCfg = Release|Any CPU
		{A6D46694-DBCE-47EC-B1E1-8F10B0351E82}.Release|Android.Build.0 = Release|Any CPU
		{A6D46694-DBCE-47EC-B1E1-8F10B0351E82}.Release|Any CPU.ActiveCfg = Release|Any CPU
		{A6D46694-DBCE-47EC-B1E1-8F10B0351E82}.Release|Any CPU.Build.0 = Release|Any CPU
		{A6D46694-DBCE-47EC-B1E1-8F10B0351E82}.Release|iOS.ActiveCfg = Release|Any CPU
		{A6D46694-DBCE-47EC-B1E1-8F10B0351E82}.Release|iOS.Build.0 = Release|Any CPU
		{A6D46694-DBCE-47EC-B1E1-8F10B0351E82}.Release|Windows Phone (Universal).ActiveCfg = Release|Any CPU
		{A6D46694-DBCE-47EC-B1E1-8F10B0351E82}.Release|Windows Phone (Universal).Build.0 = Release|Any CPU
		{A6D46694-DBCE-47EC-B1E1-8F10B0351E82}.Release|Windows Phone 8.ActiveCfg = Release|Any CPU
		{A6D46694-DBCE-47EC-B1E1-8F10B0351E82}.Release|Windows Phone 8.Build.0 = Release|Any CPU
		{A6D46694-DBCE-47EC-B1E1-8F10B0351E82}.Release|Windows-AnyCPU.ActiveCfg = Release|Any CPU
		{A6D46694-DBCE-47EC-B1E1-8F10B0351E82}.Release|Windows-AnyCPU.Build.0 = Release|Any CPU
		{A6D46694-DBCE-47EC-B1E1-8F10B0351E82}.Release|Windows-ARM.ActiveCfg = Release|Any CPU
		{A6D46694-DBCE-47EC-B1E1-8F10B0351E82}.Release|Windows-ARM.Build.0 = Release|Any CPU
		{A6D46694-DBCE-47EC-B1E1-8F10B0351E82}.Release|Windows-x64.ActiveCfg = Release|Any CPU
		{A6D46694-DBCE-47EC-B1E1-8F10B0351E82}.Release|Windows-x64.Build.0 = Release|Any CPU
		{A6D46694-DBCE-47EC-B1E1-8F10B0351E82}.Release|Windows-x86.ActiveCfg = Release|Any CPU
		{A6D46694-DBCE-47EC-B1E1-8F10B0351E82}.Release|Windows-x86.Build.0 = Release|Any CPU
	EndGlobalSection
	GlobalSection(SolutionProperties) = preSolution
		HideSolutionNode = FALSE
	EndGlobalSection
	GlobalSection(NestedProjects) = preSolution
		{6F3D2D41-9730-4FF3-839C-F03FDDB74670} = {982511E3-DC01-4324-BF95-740B332FC8F9}
		{329F210E-0721-462C-A368-14121DCEE135} = {982511E3-DC01-4324-BF95-740B332FC8F9}
		{D777B14B-C36D-48A8-B5A8-2F5B0FCEB0CC} = {982511E3-DC01-4324-BF95-740B332FC8F9}
		{A9D45EF3-F162-4E15-BCE5-E2F2501D9079} = {982511E3-DC01-4324-BF95-740B332FC8F9}
		{BAD3F752-EC12-452C-A569-01F3F150290D} = {4D24F814-2737-4143-8FC7-308D12F67719}
		{97C031E6-BD91-45A7-B8C0-037A3CB9FD3E} = {4D24F814-2737-4143-8FC7-308D12F67719}
		{D404DC45-B2C9-40C3-9CDA-7DC0FF7ED4DD} = {4D24F814-2737-4143-8FC7-308D12F67719}
		{A6D46694-DBCE-47EC-B1E1-8F10B0351E82} = {4D24F814-2737-4143-8FC7-308D12F67719}
	EndGlobalSection
EndGlobal
