
Microsoft Visual Studio Solution File, Format Version 12.00
# Visual Studio Version 16
VisualStudioVersion = 16.0.28803.202
MinimumVisualStudioVersion = 10.0.40219.1
Project("{9A19103F-16F7-4668-BE54-9A1E7A4F7556}") = "Blazor.Server", "Blazor.Server\Blazor.Server.csproj", "{7CBB81EA-2F9A-44F1-B31C-EC11CDF2D48E}"
EndProject
Project("{9A19103F-16F7-4668-BE54-9A1E7A4F7556}") = "Blazor.Client", "Blazor.Client\Blazor.Client.csproj", "{E26B26BF-4D1A-47CE-A5FB-9145D5C548AD}"
EndProject
Project("{9A19103F-16F7-4668-BE54-9A1E7A4F7556}") = "Blazor.Shared", "Blazor.Shared\Blazor.Shared.csproj", "{951E9008-61CF-4539-9CD2-5259911164D0}"
EndProject
Project("{9A19103F-16F7-4668-BE54-9A1E7A4F7556}") = "DotNetifyLib.Blazor", "..\..\..\dotNetify-Elements\DotNetifyLib.Blazor\DotNetifyLib.Blazor.csproj", "{BF87347F-3750-4152-BBF1-D81A945FA460}"
EndProject
Global
	GlobalSection(SolutionConfigurationPlatforms) = preSolution
		Debug|Any CPU = Debug|Any CPU
		Release|Any CPU = Release|Any CPU
	EndGlobalSection
	GlobalSection(ProjectConfigurationPlatforms) = postSolution
		{7CBB81EA-2F9A-44F1-B31C-EC11CDF2D48E}.Debug|Any CPU.ActiveCfg = Debug|Any CPU
		{7CBB81EA-2F9A-44F1-B31C-EC11CDF2D48E}.Debug|Any CPU.Build.0 = Debug|Any CPU
		{7CBB81EA-2F9A-44F1-B31C-EC11CDF2D48E}.Release|Any CPU.ActiveCfg = Release|Any CPU
		{7CBB81EA-2F9A-44F1-B31C-EC11CDF2D48E}.Release|Any CPU.Build.0 = Release|Any CPU
		{E26B26BF-4D1A-47CE-A5FB-9145D5C548AD}.Debug|Any CPU.ActiveCfg = Debug|Any CPU
		{E26B26BF-4D1A-47CE-A5FB-9145D5C548AD}.Debug|Any CPU.Build.0 = Debug|Any CPU
		{E26B26BF-4D1A-47CE-A5FB-9145D5C548AD}.Release|Any CPU.ActiveCfg = Release|Any CPU
		{E26B26BF-4D1A-47CE-A5FB-9145D5C548AD}.Release|Any CPU.Build.0 = Release|Any CPU
		{951E9008-61CF-4539-9CD2-5259911164D0}.Debug|Any CPU.ActiveCfg = Debug|Any CPU
		{951E9008-61CF-4539-9CD2-5259911164D0}.Debug|Any CPU.Build.0 = Debug|Any CPU
		{951E9008-61CF-4539-9CD2-5259911164D0}.Release|Any CPU.ActiveCfg = Release|Any CPU
		{951E9008-61CF-4539-9CD2-5259911164D0}.Release|Any CPU.Build.0 = Release|Any CPU
		{BF87347F-3750-4152-BBF1-D81A945FA460}.Debug|Any CPU.ActiveCfg = Debug|Any CPU
		{BF87347F-3750-4152-BBF1-D81A945FA460}.Debug|Any CPU.Build.0 = Debug|Any CPU
		{BF87347F-3750-4152-BBF1-D81A945FA460}.Release|Any CPU.ActiveCfg = Release|Any CPU
		{BF87347F-3750-4152-BBF1-D81A945FA460}.Release|Any CPU.Build.0 = Release|Any CPU
	EndGlobalSection
	GlobalSection(SolutionProperties) = preSolution
		HideSolutionNode = FALSE
	EndGlobalSection
	GlobalSection(ExtensibilityGlobals) = postSolution
		SolutionGuid = {25DF88B6-B587-429A-A729-5B37A133CA57}
	EndGlobalSection
EndGlobal
