
Microsoft Visual Studio Solution File, Format Version 12.00
# Visual Studio Version 16
VisualStudioVersion = 16.0.30128.74
MinimumVisualStudioVersion = 10.0.40219.1
Project("{9A19103F-16F7-4668-BE54-9A1E7A4F7556}") = "AvaloniaClient", "Avalonia\AvaloniaClient.csproj", "{B8FFC0F3-0625-4835-ADC9-F10B14EE4D96}"
EndProject
Project("{2150E333-8FDC-42A3-9474-1A3956D46DE8}") = "AspNetCoreServer", "AspNetCoreServer", "{DF228D12-F214-4635-99F6-B7F983A8CE49}"
EndProject
Project("{9A19103F-16F7-4668-BE54-9A1E7A4F7556}") = "Server", "AspNetCoreServer\Server\Server.csproj", "{D0B05802-A427-4136-880E-1BD15E3DD5DE}"
EndProject
Project("{9A19103F-16F7-4668-BE54-9A1E7A4F7556}") = "ViewModels", "AspNetCoreServer\ViewModels\ViewModels.csproj", "{39D7B560-9798-44E6-959F-87B049E6BCCC}"
EndProject
Project("{9A19103F-16F7-4668-BE54-9A1E7A4F7556}") = "WpfClient", "Wpf\WpfClient.csproj", "{8E5C1CE6-DC5F-4512-A3A5-E022792D13B8}"
EndProject
Project("{9A19103F-16F7-4668-BE54-9A1E7A4F7556}") = "DotNetifyLib.SignalR", "..\..\DotNetifyLib.SignalR\DotNetifyLib.SignalR.csproj", "{8BAC71F1-556B-42B4-8198-19F11C984F5E}"
EndProject
Project("{9A19103F-16F7-4668-BE54-9A1E7A4F7556}") = "DotNetifyLib.Core", "..\..\DotNetifyLib.Core\DotNetifyLib.Core.csproj", "{E0785265-7952-4908-BB40-18ABCA5EFC88}"
EndProject
Project("{FAE04EC0-301F-11D3-BF4B-00C04F79EFBC}") = "XamarinClient.Android", "XamarinClient\XamarinClient.Android\XamarinClient.Android.csproj", "{F19B73DE-F37C-43AE-BBFB-766966CA2286}"
EndProject
Project("{FAE04EC0-301F-11D3-BF4B-00C04F79EFBC}") = "XamarinClient", "XamarinClient\XamarinClient\XamarinClient.csproj", "{ED88F843-40BF-40D3-8A89-AE809C3D1C51}"
EndProject
Global
	GlobalSection(SolutionConfigurationPlatforms) = preSolution
		Debug|Any CPU = Debug|Any CPU
		Release|Any CPU = Release|Any CPU
	EndGlobalSection
	GlobalSection(ProjectConfigurationPlatforms) = postSolution
		{B8FFC0F3-0625-4835-ADC9-F10B14EE4D96}.Debug|Any CPU.ActiveCfg = Debug|Any CPU
		{B8FFC0F3-0625-4835-ADC9-F10B14EE4D96}.Debug|Any CPU.Build.0 = Debug|Any CPU
		{B8FFC0F3-0625-4835-ADC9-F10B14EE4D96}.Release|Any CPU.ActiveCfg = Release|Any CPU
		{B8FFC0F3-0625-4835-ADC9-F10B14EE4D96}.Release|Any CPU.Build.0 = Release|Any CPU
		{D0B05802-A427-4136-880E-1BD15E3DD5DE}.Debug|Any CPU.ActiveCfg = Debug|Any CPU
		{D0B05802-A427-4136-880E-1BD15E3DD5DE}.Debug|Any CPU.Build.0 = Debug|Any CPU
		{D0B05802-A427-4136-880E-1BD15E3DD5DE}.Release|Any CPU.ActiveCfg = Release|Any CPU
		{D0B05802-A427-4136-880E-1BD15E3DD5DE}.Release|Any CPU.Build.0 = Release|Any CPU
		{39D7B560-9798-44E6-959F-87B049E6BCCC}.Debug|Any CPU.ActiveCfg = Debug|Any CPU
		{39D7B560-9798-44E6-959F-87B049E6BCCC}.Debug|Any CPU.Build.0 = Debug|Any CPU
		{39D7B560-9798-44E6-959F-87B049E6BCCC}.Release|Any CPU.ActiveCfg = Release|Any CPU
		{39D7B560-9798-44E6-959F-87B049E6BCCC}.Release|Any CPU.Build.0 = Release|Any CPU
		{8E5C1CE6-DC5F-4512-A3A5-E022792D13B8}.Debug|Any CPU.ActiveCfg = Debug|Any CPU
		{8E5C1CE6-DC5F-4512-A3A5-E022792D13B8}.Debug|Any CPU.Build.0 = Debug|Any CPU
		{8E5C1CE6-DC5F-4512-A3A5-E022792D13B8}.Release|Any CPU.ActiveCfg = Release|Any CPU
		{8E5C1CE6-DC5F-4512-A3A5-E022792D13B8}.Release|Any CPU.Build.0 = Release|Any CPU
		{8BAC71F1-556B-42B4-8198-19F11C984F5E}.Debug|Any CPU.ActiveCfg = Debug|Any CPU
		{8BAC71F1-556B-42B4-8198-19F11C984F5E}.Debug|Any CPU.Build.0 = Debug|Any CPU
		{8BAC71F1-556B-42B4-8198-19F11C984F5E}.Release|Any CPU.ActiveCfg = Release|Any CPU
		{8BAC71F1-556B-42B4-8198-19F11C984F5E}.Release|Any CPU.Build.0 = Release|Any CPU
		{E0785265-7952-4908-BB40-18ABCA5EFC88}.Debug|Any CPU.ActiveCfg = Debug|Any CPU
		{E0785265-7952-4908-BB40-18ABCA5EFC88}.Debug|Any CPU.Build.0 = Debug|Any CPU
		{E0785265-7952-4908-BB40-18ABCA5EFC88}.Release|Any CPU.ActiveCfg = Release|Any CPU
		{E0785265-7952-4908-BB40-18ABCA5EFC88}.Release|Any CPU.Build.0 = Release|Any CPU
		{F19B73DE-F37C-43AE-BBFB-766966CA2286}.Debug|Any CPU.ActiveCfg = Debug|Any CPU
		{F19B73DE-F37C-43AE-BBFB-766966CA2286}.Debug|Any CPU.Build.0 = Debug|Any CPU
		{F19B73DE-F37C-43AE-BBFB-766966CA2286}.Debug|Any CPU.Deploy.0 = Debug|Any CPU
		{F19B73DE-F37C-43AE-BBFB-766966CA2286}.Release|Any CPU.ActiveCfg = Release|Any CPU
		{F19B73DE-F37C-43AE-BBFB-766966CA2286}.Release|Any CPU.Build.0 = Release|Any CPU
		{F19B73DE-F37C-43AE-BBFB-766966CA2286}.Release|Any CPU.Deploy.0 = Release|Any CPU
		{ED88F843-40BF-40D3-8A89-AE809C3D1C51}.Debug|Any CPU.ActiveCfg = Debug|Any CPU
		{ED88F843-40BF-40D3-8A89-AE809C3D1C51}.Debug|Any CPU.Build.0 = Debug|Any CPU
		{ED88F843-40BF-40D3-8A89-AE809C3D1C51}.Release|Any CPU.ActiveCfg = Release|Any CPU
		{ED88F843-40BF-40D3-8A89-AE809C3D1C51}.Release|Any CPU.Build.0 = Release|Any CPU
	EndGlobalSection
	GlobalSection(SolutionProperties) = preSolution
		HideSolutionNode = FALSE
	EndGlobalSection
	GlobalSection(NestedProjects) = preSolution
		{D0B05802-A427-4136-880E-1BD15E3DD5DE} = {DF228D12-F214-4635-99F6-B7F983A8CE49}
		{39D7B560-9798-44E6-959F-87B049E6BCCC} = {DF228D12-F214-4635-99F6-B7F983A8CE49}
	EndGlobalSection
	GlobalSection(ExtensibilityGlobals) = postSolution
		SolutionGuid = {B443408F-6DEA-468C-A7B8-EFC7F91ED400}
	EndGlobalSection
EndGlobal
