Microsoft Visual Studio Solution File, Format Version 12.00
# Visual Studio Version 16
VisualStudioVersion = 16.0.0.0
MinimumVisualStudioVersion = 16.0.0.0
Project("{9A19103F-16F7-4668-BE54-9A1E7A4F7556}") = "DevApp.Blazor.Server", "DevApp.Blazor.Server\DevApp.Blazor.Server.csproj", "{2C8AD746-AD49-401E-9764-785E90983357}"
EndProject
Project("{9A19103F-16F7-4668-BE54-9A1E7A4F7556}") = "DevApp.Blazor.Client", "DevApp.Blazor.Client\DevApp.Blazor.Client.csproj", "{173FB53D-6BEE-4D1F-AF23-6B324EA4609A}"
EndProject
Project("{9A19103F-16F7-4668-BE54-9A1E7A4F7556}") = "DevApp.ViewModels", "..\DevApp.ViewModels\DevApp.ViewModels.csproj", "{68D8B8D6-7F10-4FFD-9A8E-BF43299237BC}"
EndProject
Project("{9A19103F-16F7-4668-BE54-9A1E7A4F7556}") = "DotNetifyLib.Core", "..\DotNetifyLib.Core\DotNetifyLib.Core.csproj", "{41E2D1A7-D04B-471A-8F02-CE574ED8F8B7}"
EndProject
Project("{9A19103F-16F7-4668-BE54-9A1E7A4F7556}") = "DotNetifyLib.SignalR", "..\DotNetifyLib.SignalR\DotNetifyLib.SignalR.csproj", "{629D9EDD-C9B8-4B89-9C06-47CE7176C5F6}"
EndProject
Project("{9A19103F-16F7-4668-BE54-9A1E7A4F7556}") = "DotNetifyLib.Blazor", "..\DotNetifyLib.Blazor\DotNetifyLib.Blazor.csproj", "{70AFF5B8-D8DA-43B1-9B5F-50101C5D4B5B}"
EndProject
Global
	GlobalSection(SolutionConfigurationPlatforms) = preSolution
		Debug|Any CPU = Debug|Any CPU
		Debug|x64 = Debug|x64
		Debug|x86 = Debug|x86
		Release|Any CPU = Release|Any CPU
		Release|x64 = Release|x64
		Release|x86 = Release|x86
	EndGlobalSection
	GlobalSection(ProjectConfigurationPlatforms) = postSolution
		{2C8AD746-AD49-401E-9764-785E90983357}.Debug|Any CPU.ActiveCfg = Debug|Any CPU
		{2C8AD746-AD49-401E-9764-785E90983357}.Debug|Any CPU.Build.0 = Debug|Any CPU
		{2C8AD746-AD49-401E-9764-785E90983357}.Debug|x64.ActiveCfg = Debug|Any CPU
		{2C8AD746-AD49-401E-9764-785E90983357}.Debug|x64.Build.0 = Debug|Any CPU
		{2C8AD746-AD49-401E-9764-785E90983357}.Debug|x86.ActiveCfg = Debug|Any CPU
		{2C8AD746-AD49-401E-9764-785E90983357}.Debug|x86.Build.0 = Debug|Any CPU
		{2C8AD746-AD49-401E-9764-785E90983357}.Release|Any CPU.ActiveCfg = Release|Any CPU
		{2C8AD746-AD49-401E-9764-785E90983357}.Release|Any CPU.Build.0 = Release|Any CPU
		{2C8AD746-AD49-401E-9764-785E90983357}.Release|x64.ActiveCfg = Release|Any CPU
		{2C8AD746-AD49-401E-9764-785E90983357}.Release|x64.Build.0 = Release|Any CPU
		{2C8AD746-AD49-401E-9764-785E90983357}.Release|x86.ActiveCfg = Release|Any CPU
		{2C8AD746-AD49-401E-9764-785E90983357}.Release|x86.Build.0 = Release|Any CPU
		{173FB53D-6BEE-4D1F-AF23-6B324EA4609A}.Debug|Any CPU.ActiveCfg = Debug|Any CPU
		{173FB53D-6BEE-4D1F-AF23-6B324EA4609A}.Debug|Any CPU.Build.0 = Debug|Any CPU
		{173FB53D-6BEE-4D1F-AF23-6B324EA4609A}.Debug|x64.ActiveCfg = Debug|Any CPU
		{173FB53D-6BEE-4D1F-AF23-6B324EA4609A}.Debug|x64.Build.0 = Debug|Any CPU
		{173FB53D-6BEE-4D1F-AF23-6B324EA4609A}.Debug|x86.ActiveCfg = Debug|Any CPU
		{173FB53D-6BEE-4D1F-AF23-6B324EA4609A}.Debug|x86.Build.0 = Debug|Any CPU
		{173FB53D-6BEE-4D1F-AF23-6B324EA4609A}.Release|Any CPU.ActiveCfg = Release|Any CPU
		{173FB53D-6BEE-4D1F-AF23-6B324EA4609A}.Release|Any CPU.Build.0 = Release|Any CPU
		{173FB53D-6BEE-4D1F-AF23-6B324EA4609A}.Release|x64.ActiveCfg = Release|Any CPU
		{173FB53D-6BEE-4D1F-AF23-6B324EA4609A}.Release|x64.Build.0 = Release|Any CPU
		{173FB53D-6BEE-4D1F-AF23-6B324EA4609A}.Release|x86.ActiveCfg = Release|Any CPU
		{173FB53D-6BEE-4D1F-AF23-6B324EA4609A}.Release|x86.Build.0 = Release|Any CPU
		{68D8B8D6-7F10-4FFD-9A8E-BF43299237BC}.Debug|Any CPU.ActiveCfg = Debug|Any CPU
		{68D8B8D6-7F10-4FFD-9A8E-BF43299237BC}.Debug|Any CPU.Build.0 = Debug|Any CPU
		{68D8B8D6-7F10-4FFD-9A8E-BF43299237BC}.Debug|x64.ActiveCfg = Debug|Any CPU
		{68D8B8D6-7F10-4FFD-9A8E-BF43299237BC}.Debug|x64.Build.0 = Debug|Any CPU
		{68D8B8D6-7F10-4FFD-9A8E-BF43299237BC}.Debug|x86.ActiveCfg = Debug|Any CPU
		{68D8B8D6-7F10-4FFD-9A8E-BF43299237BC}.Debug|x86.Build.0 = Debug|Any CPU
		{68D8B8D6-7F10-4FFD-9A8E-BF43299237BC}.Release|Any CPU.ActiveCfg = Release|Any CPU
		{68D8B8D6-7F10-4FFD-9A8E-BF43299237BC}.Release|Any CPU.Build.0 = Release|Any CPU
		{68D8B8D6-7F10-4FFD-9A8E-BF43299237BC}.Release|x64.ActiveCfg = Release|Any CPU
		{68D8B8D6-7F10-4FFD-9A8E-BF43299237BC}.Release|x64.Build.0 = Release|Any CPU
		{68D8B8D6-7F10-4FFD-9A8E-BF43299237BC}.Release|x86.ActiveCfg = Release|Any CPU
		{68D8B8D6-7F10-4FFD-9A8E-BF43299237BC}.Release|x86.Build.0 = Release|Any CPU
		{41E2D1A7-D04B-471A-8F02-CE574ED8F8B7}.Debug|Any CPU.ActiveCfg = Debug|Any CPU
		{41E2D1A7-D04B-471A-8F02-CE574ED8F8B7}.Debug|Any CPU.Build.0 = Debug|Any CPU
		{41E2D1A7-D04B-471A-8F02-CE574ED8F8B7}.Debug|x64.ActiveCfg = Debug|Any CPU
		{41E2D1A7-D04B-471A-8F02-CE574ED8F8B7}.Debug|x64.Build.0 = Debug|Any CPU
		{41E2D1A7-D04B-471A-8F02-CE574ED8F8B7}.Debug|x86.ActiveCfg = Debug|Any CPU
		{41E2D1A7-D04B-471A-8F02-CE574ED8F8B7}.Debug|x86.Build.0 = Debug|Any CPU
		{41E2D1A7-D04B-471A-8F02-CE574ED8F8B7}.Release|Any CPU.ActiveCfg = Release|Any CPU
		{41E2D1A7-D04B-471A-8F02-CE574ED8F8B7}.Release|Any CPU.Build.0 = Release|Any CPU
		{41E2D1A7-D04B-471A-8F02-CE574ED8F8B7}.Release|x64.ActiveCfg = Release|Any CPU
		{41E2D1A7-D04B-471A-8F02-CE574ED8F8B7}.Release|x64.Build.0 = Release|Any CPU
		{41E2D1A7-D04B-471A-8F02-CE574ED8F8B7}.Release|x86.ActiveCfg = Release|Any CPU
		{41E2D1A7-D04B-471A-8F02-CE574ED8F8B7}.Release|x86.Build.0 = Release|Any CPU
		{629D9EDD-C9B8-4B89-9C06-47CE7176C5F6}.Debug|Any CPU.ActiveCfg = Debug|Any CPU
		{629D9EDD-C9B8-4B89-9C06-47CE7176C5F6}.Debug|Any CPU.Build.0 = Debug|Any CPU
		{629D9EDD-C9B8-4B89-9C06-47CE7176C5F6}.Debug|x64.ActiveCfg = Debug|Any CPU
		{629D9EDD-C9B8-4B89-9C06-47CE7176C5F6}.Debug|x64.Build.0 = Debug|Any CPU
		{629D9EDD-C9B8-4B89-9C06-47CE7176C5F6}.Debug|x86.ActiveCfg = Debug|Any CPU
		{629D9EDD-C9B8-4B89-9C06-47CE7176C5F6}.Debug|x86.Build.0 = Debug|Any CPU
		{629D9EDD-C9B8-4B89-9C06-47CE7176C5F6}.Release|Any CPU.ActiveCfg = Release|Any CPU
		{629D9EDD-C9B8-4B89-9C06-47CE7176C5F6}.Release|Any CPU.Build.0 = Release|Any CPU
		{629D9EDD-C9B8-4B89-9C06-47CE7176C5F6}.Release|x64.ActiveCfg = Release|Any CPU
		{629D9EDD-C9B8-4B89-9C06-47CE7176C5F6}.Release|x64.Build.0 = Release|Any CPU
		{629D9EDD-C9B8-4B89-9C06-47CE7176C5F6}.Release|x86.ActiveCfg = Release|Any CPU
		{629D9EDD-C9B8-4B89-9C06-47CE7176C5F6}.Release|x86.Build.0 = Release|Any CPU
		{70AFF5B8-D8DA-43B1-9B5F-50101C5D4B5B}.Debug|Any CPU.ActiveCfg = Debug|Any CPU
		{70AFF5B8-D8DA-43B1-9B5F-50101C5D4B5B}.Debug|Any CPU.Build.0 = Debug|Any CPU
		{70AFF5B8-D8DA-43B1-9B5F-50101C5D4B5B}.Debug|x64.ActiveCfg = Debug|Any CPU
		{70AFF5B8-D8DA-43B1-9B5F-50101C5D4B5B}.Debug|x64.Build.0 = Debug|Any CPU
		{70AFF5B8-D8DA-43B1-9B5F-50101C5D4B5B}.Debug|x86.ActiveCfg = Debug|Any CPU
		{70AFF5B8-D8DA-43B1-9B5F-50101C5D4B5B}.Debug|x86.Build.0 = Debug|Any CPU
		{70AFF5B8-D8DA-43B1-9B5F-50101C5D4B5B}.Release|Any CPU.ActiveCfg = Release|Any CPU
		{70AFF5B8-D8DA-43B1-9B5F-50101C5D4B5B}.Release|Any CPU.Build.0 = Release|Any CPU
		{70AFF5B8-D8DA-43B1-9B5F-50101C5D4B5B}.Release|x64.ActiveCfg = Release|Any CPU
		{70AFF5B8-D8DA-43B1-9B5F-50101C5D4B5B}.Release|x64.Build.0 = Release|Any CPU
		{70AFF5B8-D8DA-43B1-9B5F-50101C5D4B5B}.Release|x86.ActiveCfg = Release|Any CPU
		{70AFF5B8-D8DA-43B1-9B5F-50101C5D4B5B}.Release|x86.Build.0 = Release|Any CPU
	EndGlobalSection
	GlobalSection(SolutionProperties) = preSolution
		HideSolutionNode = FALSE
	EndGlobalSection
	GlobalSection(ExtensibilityGlobals) = postSolution
		SolutionGuid = {09BE188F-329E-45ED-84BB-A9AA35936628}
	EndGlobalSection
EndGlobal
